<?xml version="1.0" encoding="utf-8"?>
<Project ToolsVersion="12.0" xmlns="http://schemas.microsoft.com/developer/msbuild/2003">
  <ItemGroup>
    <ClCompile Include="obs-filters.c">
      <Filter>Source Files</Filter>
    </ClCompile>
    <ClCompile Include="color-filter.c">
      <Filter>Source Files</Filter>
    </ClCompile>
    <ClCompile Include="async-delay-filter.c">
      <Filter>Source Files</Filter>
    </ClCompile>
    <ClCompile Include="crop-filter.c">
      <Filter>Source Files</Filter>
    </ClCompile>
    <ClCompile Include="scroll-filter.c">
      <Filter>Source Files</Filter>
    </ClCompile>
    <ClCompile Include="chroma-key-filter.c">
      <Filter>Source Files</Filter>
    </ClCompile>
    <ClCompile Include="color-key-filter.c">
      <Filter>Source Files</Filter>
    </ClCompile>
    <ClCompile Include="sharpness-filter.c">
      <Filter>Source Files</Filter>
    </ClCompile>
    <ClCompile Include="gain-filter.c">
      <Filter>Source Files</Filter>
    </ClCompile>
    <ClCompile Include="noise-gate-filter.c">
      <Filter>Source Files</Filter>
    </ClCompile>
    <ClCompile Include="mask-filter.c">
      <Filter>Source Files</Filter>
    </ClCompile>
    <ClCompile Include="beauty-filter.c">
      <Filter>Source Files</Filter>
    </ClCompile>
    <ClCompile Include="stereo-to-mono-filter.c">
      <Filter>Source Files</Filter>
    </ClCompile>
  </ItemGroup>
  <ItemGroup>
    <Filter Include="Source Files">
      <UniqueIdentifier>{1886DCEE-143F-3C4C-8512-F0FC964785DA}</UniqueIdentifier>
    </Filter>
  </ItemGroup>
</Project>