<?xml version="1.0" encoding="utf-8"?>
<Project ToolsVersion="4.0" xmlns="http://schemas.microsoft.com/developer/msbuild/2003">
  <ItemGroup>
    <Filter Include="Source Files">
      <UniqueIdentifier>{4FC737F1-C7A5-4376-A066-2A32D752A2FF}</UniqueIdentifier>
      <Extensions>cpp;cxx;c;def</Extensions>
    </Filter>
    <Filter Include="Header Files">
      <UniqueIdentifier>{93995380-89BD-4b04-88EB-625FBE52EBFB}</UniqueIdentifier>
      <Extensions>h</Extensions>
    </Filter>
    <Filter Include="Form Files">
      <UniqueIdentifier>{99349809-55BA-4b9d-BF79-8FDBB0286EB3}</UniqueIdentifier>
      <Extensions>ui</Extensions>
    </Filter>
    <Filter Include="Resource Files">
      <UniqueIdentifier>{D9D6E242-F8AF-46E4-B9FD-80ECBC20BA3E}</UniqueIdentifier>
      <Extensions>qrc;*</Extensions>
      <ParseFiles>false</ParseFiles>
    </Filter>
    <Filter Include="Generated Files">
      <UniqueIdentifier>{71ED8ED8-ACB9-4CE9-BBE1-E00B30144E11}</UniqueIdentifier>
      <Extensions>moc;h;cpp</Extensions>
      <SourceControlFiles>False</SourceControlFiles>
    </Filter>
    <Filter Include="Generated Files\Debug">
      <UniqueIdentifier>{056298d4-0efe-420c-a7d9-d2a65b69e157}</UniqueIdentifier>
      <Extensions>cpp;moc</Extensions>
      <SourceControlFiles>False</SourceControlFiles>
    </Filter>
    <Filter Include="Generated Files\Release">
      <UniqueIdentifier>{e4c85de4-44c8-4afb-a0e9-549075b9b723}</UniqueIdentifier>
      <Extensions>cpp;moc</Extensions>
      <SourceControlFiles>False</SourceControlFiles>
    </Filter>
    <Filter Include="common">
      <UniqueIdentifier>{0e80a893-df0e-49fc-b979-7e50b83466cb}</UniqueIdentifier>
    </Filter>
  </ItemGroup>
  <ItemGroup>
    <ClCompile Include="src\BiLiApp.cpp">
      <Filter>Source Files</Filter>
    </ClCompile>
    <ClCompile Include="src\BiLiOBSMainWid.cpp">
      <Filter>Source Files</Filter>
    </ClCompile>
    <ClCompile Include="src\BiLiOBSSettingWid.cpp">
      <Filter>Source Files</Filter>
    </ClCompile>
    <ClCompile Include="src\main.cpp">
      <Filter>Source Files</Filter>
    </ClCompile>
    <ClCompile Include="src\ShadowDlg.cpp">
      <Filter>Source Files</Filter>
    </ClCompile>
    <ClCompile Include="src\VideoSettingWid.cpp">
      <Filter>Source Files</Filter>
    </ClCompile>
    <ClCompile Include="GeneratedFiles\Debug\moc_BiLiApp.cpp">
      <Filter>Generated Files\Debug</Filter>
    </ClCompile>
    <ClCompile Include="GeneratedFiles\Release\moc_BiLiApp.cpp">
      <Filter>Generated Files\Release</Filter>
    </ClCompile>
    <ClCompile Include="GeneratedFiles\Debug\moc_BiLiOBSMainWid.cpp">
      <Filter>Generated Files\Debug</Filter>
    </ClCompile>
    <ClCompile Include="GeneratedFiles\Release\moc_BiLiOBSMainWid.cpp">
      <Filter>Generated Files\Release</Filter>
    </ClCompile>
    <ClCompile Include="GeneratedFiles\Debug\moc_BiLiOBSSettingWid.cpp">
      <Filter>Generated Files\Debug</Filter>
    </ClCompile>
    <ClCompile Include="GeneratedFiles\Release\moc_BiLiOBSSettingWid.cpp">
      <Filter>Generated Files\Release</Filter>
    </ClCompile>
    <ClCompile Include="GeneratedFiles\Debug\moc_ShadowDlg.cpp">
      <Filter>Generated Files\Debug</Filter>
    </ClCompile>
    <ClCompile Include="GeneratedFiles\Release\moc_ShadowDlg.cpp">
      <Filter>Generated Files\Release</Filter>
    </ClCompile>
    <ClCompile Include="GeneratedFiles\Debug\moc_VideoSettingWid.cpp">
      <Filter>Generated Files\Debug</Filter>
    </ClCompile>
    <ClCompile Include="GeneratedFiles\Release\moc_VideoSettingWid.cpp">
      <Filter>Generated Files\Release</Filter>
    </ClCompile>
    <ClCompile Include="src_obs\obs-app-api.cpp">
      <Filter>Source Files</Filter>
    </ClCompile>
    <ClCompile Include="src_obs\qt-wrappers.cpp">
      <Filter>Source Files</Filter>
    </ClCompile>
    <ClCompile Include="src_obs\platform-windows.cpp">
      <Filter>Source Files</Filter>
    </ClCompile>
    <ClCompile Include="GeneratedFiles\Debug\moc_window-basic-properties.cpp">
      <Filter>Generated Files\Debug</Filter>
    </ClCompile>
    <ClCompile Include="GeneratedFiles\Release\moc_window-basic-properties.cpp">
      <Filter>Generated Files\Release</Filter>
    </ClCompile>
    <ClCompile Include="GeneratedFiles\Debug\moc_window-basic-preview.cpp">
      <Filter>Generated Files\Debug</Filter>
    </ClCompile>
    <ClCompile Include="GeneratedFiles\Release\moc_window-basic-preview.cpp">
      <Filter>Generated Files\Release</Filter>
    </ClCompile>
    <ClCompile Include="src_obs\window-basic-preview.cpp">
      <Filter>Source Files</Filter>
    </ClCompile>
    <ClCompile Include="src_obs\window-basic-properties.cpp">
      <Filter>Source Files</Filter>
    </ClCompile>
    <ClCompile Include="src_obs\qt-display.cpp">
      <Filter>Source Files</Filter>
    </ClCompile>
    <ClCompile Include="GeneratedFiles\Debug\moc_qt-display.cpp">
      <Filter>Generated Files\Debug</Filter>
    </ClCompile>
    <ClCompile Include="GeneratedFiles\Release\moc_qt-display.cpp">
      <Filter>Generated Files\Release</Filter>
    </ClCompile>
    <ClCompile Include="src_obs\properties-view.cpp">
      <Filter>Source Files</Filter>
    </ClCompile>
    <ClCompile Include="GeneratedFiles\Debug\moc_properties-view.cpp">
      <Filter>Generated Files\Debug</Filter>
    </ClCompile>
    <ClCompile Include="GeneratedFiles\Release\moc_properties-view.cpp">
      <Filter>Generated Files\Release</Filter>
    </ClCompile>
    <ClCompile Include="src_obs\vertical-scroll-area.cpp">
      <Filter>Source Files</Filter>
    </ClCompile>
    <ClCompile Include="GeneratedFiles\Debug\moc_vertical-scroll-area.cpp">
      <Filter>Generated Files\Debug</Filter>
    </ClCompile>
    <ClCompile Include="GeneratedFiles\Release\moc_vertical-scroll-area.cpp">
      <Filter>Generated Files\Release</Filter>
    </ClCompile>
    <ClCompile Include="src_obs\double-slider.cpp">
      <Filter>Source Files</Filter>
    </ClCompile>
    <ClCompile Include="GeneratedFiles\Debug\moc_double-slider.cpp">
      <Filter>Generated Files\Debug</Filter>
    </ClCompile>
    <ClCompile Include="GeneratedFiles\Release\moc_double-slider.cpp">
      <Filter>Generated Files\Release</Filter>
    </ClCompile>
    <ClCompile Include="src\bili-sceneitem-widget-item.cpp">
      <Filter>Source Files</Filter>
    </ClCompile>
    <ClCompile Include="GeneratedFiles\Debug\moc_bili-sceneitem-widget-item.cpp">
      <Filter>Generated Files\Debug</Filter>
    </ClCompile>
    <ClCompile Include="GeneratedFiles\Release\moc_bili-sceneitem-widget-item.cpp">
      <Filter>Generated Files\Release</Filter>
    </ClCompile>
    <ClCompile Include="src\BiLiSceneListWidgetOperator.cpp">
      <Filter>Source Files</Filter>
    </ClCompile>
    <ClCompile Include="GeneratedFiles\Debug\moc_BiLiSceneListWidgetOperator.cpp">
      <Filter>Generated Files\Debug</Filter>
    </ClCompile>
    <ClCompile Include="GeneratedFiles\Release\moc_BiLiSceneListWidgetOperator.cpp">
      <Filter>Generated Files\Release</Filter>
    </ClCompile>
    <ClCompile Include="src\BiliNameDialog.cpp">
      <Filter>Source Files</Filter>
    </ClCompile>
    <ClCompile Include="GeneratedFiles\Debug\moc_BiliNameDialog.cpp">
      <Filter>Generated Files\Debug</Filter>
    </ClCompile>
    <ClCompile Include="GeneratedFiles\Release\moc_BiliNameDialog.cpp">
      <Filter>Generated Files\Release</Filter>
    </ClCompile>
    <ClCompile Include="src\BiliOBSUtility.cpp">
      <Filter>Source Files</Filter>
    </ClCompile>
    <ClCompile Include="src\BiliUIConfigSync.cpp">
      <Filter>Source Files</Filter>
    </ClCompile>
    <ClCompile Include="src\BiliGlobalDatas.cpp">
      <Filter>Source Files</Filter>
    </ClCompile>
    <ClCompile Include="src\base64.c">
      <Filter>Source Files</Filter>
    </ClCompile>
    <ClCompile Include="src\bili-thread-worker.cpp">
      <Filter>Source Files</Filter>
    </ClCompile>
    <ClCompile Include="GeneratedFiles\qrc_BiLiOBS.cpp">
      <Filter>Generated Files</Filter>
    </ClCompile>
    <ClCompile Include="src_obs\audio-encoders.cpp">
      <Filter>Source Files</Filter>
    </ClCompile>
    <ClCompile Include="src_obs\window-basic-main-outputs.cpp">
      <Filter>Source Files</Filter>
    </ClCompile>
    <ClCompile Include="src\BiliBroadcastButtonOperator.cpp">
      <Filter>Source Files</Filter>
    </ClCompile>
    <ClCompile Include="GeneratedFiles\Debug\moc_BiliBroadcastButtonOperator.cpp">
      <Filter>Generated Files\Debug</Filter>
    </ClCompile>
    <ClCompile Include="GeneratedFiles\Release\moc_BiliBroadcastButtonOperator.cpp">
      <Filter>Generated Files\Release</Filter>
    </ClCompile>
    <ClCompile Include="src\BiLiOBSMainWid_preview.cpp">
      <Filter>Source Files</Filter>
    </ClCompile>
    <ClCompile Include="src\BiLiOBSMainWid_saveLoad.cpp">
      <Filter>Source Files</Filter>
    </ClCompile>
    <ClCompile Include="src\BiLiOBSMainWid_config.cpp">
      <Filter>Source Files</Filter>
    </ClCompile>
    <ClCompile Include="GeneratedFiles\Debug\moc_BiLiAudioDevSettingWid.cpp">
      <Filter>Generated Files\Debug</Filter>
    </ClCompile>
    <ClCompile Include="GeneratedFiles\Release\moc_BiLiAudioDevSettingWid.cpp">
      <Filter>Generated Files\Release</Filter>
    </ClCompile>
    <ClCompile Include="src\BiLiAudioDevSettingWid.cpp">
      <Filter>Source Files</Filter>
    </ClCompile>
    <ClCompile Include="GeneratedFiles\Debug\moc_BiLiPropertyDlg.cpp">
      <Filter>Generated Files\Debug</Filter>
    </ClCompile>
    <ClCompile Include="GeneratedFiles\Release\moc_BiLiPropertyDlg.cpp">
      <Filter>Generated Files\Release</Filter>
    </ClCompile>
    <ClCompile Include="src\BiLiPropertyDlg.cpp">
      <Filter>Source Files</Filter>
    </ClCompile>
    <ClCompile Include="src\BiLiPropertyDlg_addWindowSource.cpp">
      <Filter>Source Files</Filter>
    </ClCompile>
    <ClCompile Include="src\BiLiPropertyDlg_addGameSource.cpp">
      <Filter>Source Files</Filter>
    </ClCompile>
    <ClCompile Include="src\BiLiPropertyDlg_addMonitorSource.cpp">
      <Filter>Source Files</Filter>
    </ClCompile>
    <ClCompile Include="src\BiLiPropertyDlg_addMediaSource.cpp">
      <Filter>Source Files</Filter>
    </ClCompile>
    <ClCompile Include="src\BiLiPropertyDlg_addPictureSource.cpp">
      <Filter>Source Files</Filter>
    </ClCompile>
    <ClCompile Include="src\BiLiPropertyDlg_addCamSource.cpp">
      <Filter>Source Files</Filter>
    </ClCompile>
    <ClCompile Include="src\BiLiPropertyDlg_addTextSource.cpp">
      <Filter>Source Files</Filter>
    </ClCompile>
    <ClCompile Include="src\AdvancedSettingWid.cpp">
      <Filter>Source Files</Filter>
    </ClCompile>
    <ClCompile Include="src\AudioDeviceSettingWid.cpp">
      <Filter>Source Files</Filter>
    </ClCompile>
    <ClCompile Include="GeneratedFiles\Debug\moc_AdvancedSettingWid.cpp">
      <Filter>Generated Files\Debug</Filter>
    </ClCompile>
    <ClCompile Include="GeneratedFiles\Debug\moc_AudioDeviceSettingWid.cpp">
      <Filter>Generated Files\Debug</Filter>
    </ClCompile>
    <ClCompile Include="GeneratedFiles\Release\moc_AudioDeviceSettingWid.cpp">
      <Filter>Generated Files\Release</Filter>
    </ClCompile>
    <ClCompile Include="GeneratedFiles\Debug\moc_BiLiMsgDlg.cpp">
      <Filter>Generated Files\Debug</Filter>
    </ClCompile>
    <ClCompile Include="GeneratedFiles\Release\moc_BiLiMsgDlg.cpp">
      <Filter>Generated Files\Release</Filter>
    </ClCompile>
    <ClCompile Include="src\BiLiMsgDlg.cpp">
      <Filter>Source Files</Filter>
    </ClCompile>
    <ClCompile Include="src\BiLiOBSMainWid_BroadcastRecord.cpp">
      <Filter>Source Files</Filter>
    </ClCompile>
    <ClCompile Include="src\BiliDanmakuHime.cpp">
      <Filter>Source Files</Filter>
    </ClCompile>
    <ClCompile Include="src\BiLiOBSMainWid_danmakuHime.cpp">
      <Filter>Source Files</Filter>
    </ClCompile>
    <ClCompile Include="src\BiLiOBSMainWid_userinfo.cpp">
      <Filter>Source Files</Filter>
    </ClCompile>
    <ClCompile Include="src\BiLiUserInfoWid.cpp">
      <Filter>Source Files</Filter>
    </ClCompile>
    <ClCompile Include="GeneratedFiles\Debug\moc_BiLiUserInfoWid.cpp">
      <Filter>Generated Files\Debug</Filter>
    </ClCompile>
    <ClCompile Include="GeneratedFiles\Release\moc_BiLiUserInfoWid.cpp">
      <Filter>Generated Files\Release</Filter>
    </ClCompile>
    <ClCompile Include="GeneratedFiles\Release\moc_AdvancedSettingWid.cpp">
      <Filter>Generated Files\Release</Filter>
    </ClCompile>
    <ClCompile Include="src\BiLiOBSMainWid_moreMenu.cpp">
      <Filter>Source Files</Filter>
    </ClCompile>
    <ClCompile Include="src\PushStreamSettingWid.cpp">
      <Filter>Source Files</Filter>
    </ClCompile>
    <ClCompile Include="GeneratedFiles\Debug\moc_PushStreamSettingWid.cpp">
      <Filter>Generated Files\Debug</Filter>
    </ClCompile>
    <ClCompile Include="GeneratedFiles\Release\moc_PushStreamSettingWid.cpp">
      <Filter>Generated Files\Release</Filter>
    </ClCompile>
    <ClCompile Include="src\BiLiOBSMainWid_volumeWid.cpp">
      <Filter>Source Files</Filter>
    </ClCompile>
    <ClCompile Include="src\PropertyDlgVolSliderWid.cpp">
      <Filter>Source Files</Filter>
    </ClCompile>
    <ClCompile Include="GeneratedFiles\Debug\moc_PropertyDlgVolSliderWid.cpp">
      <Filter>Generated Files\Debug</Filter>
    </ClCompile>
    <ClCompile Include="GeneratedFiles\Release\moc_PropertyDlgVolSliderWid.cpp">
      <Filter>Generated Files\Release</Filter>
    </ClCompile>
    <ClCompile Include="src\RightListToolbar.cpp">
      <Filter>Source Files</Filter>
    </ClCompile>
    <ClCompile Include="GeneratedFiles\Debug\moc_RightListToolbar.cpp">
      <Filter>Generated Files\Debug</Filter>
    </ClCompile>
    <ClCompile Include="GeneratedFiles\Release\moc_RightListToolbar.cpp">
      <Filter>Generated Files\Release</Filter>
    </ClCompile>
    <ClCompile Include="src\bili_area_cap.cpp">
      <Filter>Source Files</Filter>
    </ClCompile>
    <ClCompile Include="GeneratedFiles\Debug\moc_bili_area_cap.cpp">
      <Filter>Generated Files\Debug</Filter>
    </ClCompile>
    <ClCompile Include="GeneratedFiles\Release\moc_bili_area_cap.cpp">
      <Filter>Generated Files\Release</Filter>
    </ClCompile>
    <ClCompile Include="GeneratedFiles\Debug\moc_bili_area_tool.cpp">
      <Filter>Generated Files\Debug</Filter>
    </ClCompile>
    <ClCompile Include="GeneratedFiles\Release\moc_bili_area_tool.cpp">
      <Filter>Generated Files\Release</Filter>
    </ClCompile>
    <ClCompile Include="src\bili_area_tool.cpp">
      <Filter>Source Files</Filter>
    </ClCompile>
    <ClCompile Include="..\common\biliobs_paths.cc">
      <Filter>common</Filter>
    </ClCompile>
    <ClCompile Include="src\BiliRecordButtonOperator.cpp">
      <Filter>Source Files</Filter>
    </ClCompile>
    <ClCompile Include="src\circle_slider_slider.cpp">
      <Filter>Source Files</Filter>
    </ClCompile>
    <ClCompile Include="GeneratedFiles\Debug\moc_BiliRecordButtonOperator.cpp">
      <Filter>Generated Files\Debug</Filter>
    </ClCompile>
    <ClCompile Include="GeneratedFiles\Release\moc_BiliRecordButtonOperator.cpp">
      <Filter>Generated Files\Release</Filter>
    </ClCompile>
    <ClCompile Include="src\bili_counter_trigger.cpp">
      <Filter>Source Files</Filter>
    </ClCompile>
    <ClCompile Include="src\BiliFilterUtility.cpp">
      <Filter>Source Files</Filter>
    </ClCompile>
    <ClCompile Include="src\advsetttingbasedlg.cpp">
      <Filter>Source Files</Filter>
    </ClCompile>
    <ClCompile Include="GeneratedFiles\Debug\moc_advsetttingbasedlg.cpp">
      <Filter>Generated Files\Debug</Filter>
    </ClCompile>
    <ClCompile Include="GeneratedFiles\Release\moc_advsetttingbasedlg.cpp">
      <Filter>Generated Files\Release</Filter>
    </ClCompile>
    <ClCompile Include="GeneratedFiles\Debug\moc_danmakusettingdlg.cpp">
      <Filter>Generated Files\Debug</Filter>
    </ClCompile>
    <ClCompile Include="GeneratedFiles\Release\moc_danmakusettingdlg.cpp">
      <Filter>Generated Files\Release</Filter>
    </ClCompile>
    <ClCompile Include="src\danmakusettingdlg.cpp">
      <Filter>Source Files</Filter>
    </ClCompile>
    <ClCompile Include="GeneratedFiles\Debug\moc_danmakucreate.cpp">
      <Filter>Generated Files\Debug</Filter>
    </ClCompile>
    <ClCompile Include="GeneratedFiles\Release\moc_danmakucreate.cpp">
      <Filter>Generated Files\Release</Filter>
    </ClCompile>
    <ClCompile Include="GeneratedFiles\Debug\moc_danmakumove.cpp">
      <Filter>Generated Files\Debug</Filter>
    </ClCompile>
    <ClCompile Include="GeneratedFiles\Release\moc_danmakumove.cpp">
      <Filter>Generated Files\Release</Filter>
    </ClCompile>
    <ClCompile Include="GeneratedFiles\Debug\moc_danmakurender.cpp">
      <Filter>Generated Files\Debug</Filter>
    </ClCompile>
    <ClCompile Include="GeneratedFiles\Release\moc_danmakurender.cpp">
      <Filter>Generated Files\Release</Filter>
    </ClCompile>
    <ClCompile Include="src\danmakucreate.cpp">
      <Filter>Source Files</Filter>
    </ClCompile>
    <ClCompile Include="src\danmakumove.cpp">
      <Filter>Source Files</Filter>
    </ClCompile>
    <ClCompile Include="src\danmakurender.cpp">
      <Filter>Source Files</Filter>
    </ClCompile>
    <ClCompile Include="src\danmakudisplaysettingwid.cpp">
      <Filter>Source Files</Filter>
    </ClCompile>
    <ClCompile Include="GeneratedFiles\Debug\moc_danmakudisplaysettingwid.cpp">
      <Filter>Generated Files\Debug</Filter>
    </ClCompile>
    <ClCompile Include="GeneratedFiles\Release\moc_danmakudisplaysettingwid.cpp">
      <Filter>Generated Files\Release</Filter>
    </ClCompile>
    <ClCompile Include="src\danmakudetailsettingwid.cpp">
      <Filter>Source Files</Filter>
    </ClCompile>
    <ClCompile Include="GeneratedFiles\Debug\moc_danmakudetailsettingwid.cpp">
      <Filter>Generated Files\Debug</Filter>
    </ClCompile>
    <ClCompile Include="GeneratedFiles\Release\moc_danmakudetailsettingwid.cpp">
      <Filter>Generated Files\Release</Filter>
    </ClCompile>
    <ClCompile Include="GeneratedFiles\Debug\moc_raw_data_manager.cpp">
      <Filter>Generated Files\Debug</Filter>
    </ClCompile>
    <ClCompile Include="GeneratedFiles\Release\moc_raw_data_manager.cpp">
      <Filter>Generated Files\Release</Filter>
    </ClCompile>
    <ClCompile Include="GeneratedFiles\Debug\moc_raw_data_manager_assitant.cpp">
      <Filter>Generated Files\Debug</Filter>
    </ClCompile>
    <ClCompile Include="GeneratedFiles\Release\moc_raw_data_manager_assitant.cpp">
      <Filter>Generated Files\Release</Filter>
    </ClCompile>
    <ClCompile Include="src\raw_data_manager.cpp">
      <Filter>Source Files</Filter>
    </ClCompile>
    <ClCompile Include="src\raw_data_manager_assitant.cpp">
      <Filter>Source Files</Filter>
    </ClCompile>
    <ClCompile Include="GeneratedFiles\Debug\moc_barrage_history.cpp">
      <Filter>Generated Files\Debug</Filter>
    </ClCompile>
    <ClCompile Include="GeneratedFiles\Release\moc_barrage_history.cpp">
      <Filter>Generated Files\Release</Filter>
    </ClCompile>
    <ClCompile Include="src\barrage_history.cpp">
      <Filter>Source Files</Filter>
    </ClCompile>
    <ClCompile Include="src\bili_obs_source_helper.cpp">
      <Filter>Source Files</Filter>
    </ClCompile>
    <ClCompile Include="src\BiLiOBSMainWid_addSource.cpp">
      <Filter>Source Files</Filter>
    </ClCompile>
    <ClCompile Include="src\BiLiOBSMainWid_networkTasks.cpp">
      <Filter>Source Files</Filter>
    </ClCompile>
    <ClCompile Include="GeneratedFiles\Debug\moc_net_status_wgt.cpp">
      <Filter>Generated Files\Debug</Filter>
    </ClCompile>
    <ClCompile Include="GeneratedFiles\Release\moc_net_status_wgt.cpp">
      <Filter>Generated Files\Release</Filter>
    </ClCompile>
    <ClCompile Include="src\net_status_wgt.cpp">
      <Filter>Source Files</Filter>
    </ClCompile>
    <ClCompile Include="src\bili-icon-msgdlg.cpp">
      <Filter>Source Files</Filter>
    </ClCompile>
    <ClCompile Include="GeneratedFiles\Debug\moc_bili-icon-msgdlg.cpp">
      <Filter>Generated Files\Debug</Filter>
    </ClCompile>
    <ClCompile Include="GeneratedFiles\Release\moc_bili-icon-msgdlg.cpp">
      <Filter>Generated Files\Release</Filter>
    </ClCompile>
    <ClCompile Include="src\HotkeySettingWid.cpp">
      <Filter>Source Files</Filter>
    </ClCompile>
    <ClCompile Include="GeneratedFiles\Debug\moc_HotkeySettingWid.cpp">
      <Filter>Generated Files\Debug</Filter>
    </ClCompile>
    <ClCompile Include="GeneratedFiles\Release\moc_HotkeySettingWid.cpp">
      <Filter>Generated Files\Release</Filter>
    </ClCompile>
    <ClCompile Include="src\HotkeyItemWid.cpp">
      <Filter>Source Files</Filter>
    </ClCompile>
    <ClCompile Include="src\pix_replace_move_opt.cpp">
      <Filter>Source Files</Filter>
    </ClCompile>
    <ClCompile Include="GeneratedFiles\Debug\moc_HotkeyItemWid.cpp">
      <Filter>Generated Files\Debug</Filter>
    </ClCompile>
    <ClCompile Include="GeneratedFiles\Release\moc_HotkeyItemWid.cpp">
      <Filter>Generated Files\Release</Filter>
    </ClCompile>
    <ClCompile Include="GeneratedFiles\Debug\moc_pix_replace_move_opt.cpp">
      <Filter>Generated Files\Debug</Filter>
    </ClCompile>
    <ClCompile Include="GeneratedFiles\Release\moc_pix_replace_move_opt.cpp">
      <Filter>Generated Files\Release</Filter>
    </ClCompile>
    <ClCompile Include="src\HotkeyManager.cpp">
      <Filter>Source Files</Filter>
    </ClCompile>
    <ClCompile Include="src\slider_interface.cpp">
      <Filter>Source Files</Filter>
    </ClCompile>
    <ClCompile Include="GeneratedFiles\Debug\moc_slider_interface.cpp">
      <Filter>Generated Files\Debug</Filter>
    </ClCompile>
    <ClCompile Include="GeneratedFiles\Release\moc_slider_interface.cpp">
      <Filter>Generated Files\Release</Filter>
    </ClCompile>
    <ClCompile Include="GeneratedFiles\Debug\moc_spc_vol_slider.cpp">
      <Filter>Generated Files\Debug</Filter>
    </ClCompile>
    <ClCompile Include="GeneratedFiles\Release\moc_spc_vol_slider.cpp">
      <Filter>Generated Files\Release</Filter>
    </ClCompile>
    <ClCompile Include="src\spc_vol_slider.cpp">
      <Filter>Source Files</Filter>
    </ClCompile>
    <ClCompile Include="src\HotkeyTriggeredNotice.cpp">
      <Filter>Source Files</Filter>
    </ClCompile>
    <ClCompile Include="GeneratedFiles\Debug\moc_HotkeyTriggeredNotice.cpp">
      <Filter>Generated Files\Debug</Filter>
    </ClCompile>
    <ClCompile Include="GeneratedFiles\Release\moc_HotkeyTriggeredNotice.cpp">
      <Filter>Generated Files\Release</Filter>
    </ClCompile>
    <ClCompile Include="src\spc_stride_slider.cpp">
      <Filter>Source Files</Filter>
    </ClCompile>
    <ClCompile Include="src\wcs_weak_ref.cpp">
      <Filter>Source Files</Filter>
    </ClCompile>
    <ClCompile Include="GeneratedFiles\Debug\moc_bili_effect_widget.cpp">
      <Filter>Generated Files\Debug</Filter>
    </ClCompile>
    <ClCompile Include="GeneratedFiles\Release\moc_bili_effect_widget.cpp">
      <Filter>Generated Files\Release</Filter>
    </ClCompile>
    <ClCompile Include="src\bili_effect_widget.cpp">
      <Filter>Source Files</Filter>
    </ClCompile>
    <ClCompile Include="GeneratedFiles\Debug\moc_rounded_widget.cpp">
      <Filter>Generated Files\Debug</Filter>
    </ClCompile>
    <ClCompile Include="GeneratedFiles\Release\moc_rounded_widget.cpp">
      <Filter>Generated Files\Release</Filter>
    </ClCompile>
    <ClCompile Include="src\rounded_widget.cpp">
      <Filter>Source Files</Filter>
    </ClCompile>
    <ClCompile Include="GeneratedFiles\Debug\moc_danmakuhistorysettingwid.cpp">
      <Filter>Generated Files\Debug</Filter>
    </ClCompile>
    <ClCompile Include="GeneratedFiles\Release\moc_danmakuhistorysettingwid.cpp">
      <Filter>Generated Files\Release</Filter>
    </ClCompile>
    <ClCompile Include="src\danmakuhistorysettingwid.cpp">
      <Filter>Source Files</Filter>
    </ClCompile>
    <ClCompile Include="src\restrict_text_area.cpp">
      <Filter>Source Files</Filter>
    </ClCompile>
    <ClCompile Include="src\content_slider.cpp">
      <Filter>Source Files</Filter>
    </ClCompile>
    <ClCompile Include="GeneratedFiles\Debug\moc_restrict_text_area.cpp">
      <Filter>Generated Files\Debug</Filter>
    </ClCompile>
    <ClCompile Include="GeneratedFiles\Release\moc_restrict_text_area.cpp">
      <Filter>Generated Files\Release</Filter>
    </ClCompile>
    <ClCompile Include="GeneratedFiles\Debug\moc_content_slider.cpp">
      <Filter>Generated Files\Debug</Filter>
    </ClCompile>
    <ClCompile Include="GeneratedFiles\Release\moc_content_slider.cpp">
      <Filter>Generated Files\Release</Filter>
    </ClCompile>
    <ClCompile Include="GeneratedFiles\Debug\moc_oper_tip_hotkey_duplicate_content_wgt.cpp">
      <Filter>Generated Files\Debug</Filter>
    </ClCompile>
    <ClCompile Include="GeneratedFiles\Release\moc_oper_tip_hotkey_duplicate_content_wgt.cpp">
      <Filter>Generated Files\Release</Filter>
    </ClCompile>
    <ClCompile Include="GeneratedFiles\Debug\moc_oper_tip_link_error_simple_contentwgt.cpp">
      <Filter>Generated Files\Debug</Filter>
    </ClCompile>
    <ClCompile Include="GeneratedFiles\Release\moc_oper_tip_link_error_simple_contentwgt.cpp">
      <Filter>Generated Files\Release</Filter>
    </ClCompile>
    <ClCompile Include="GeneratedFiles\Debug\moc_oper_tip_link_fail_content_wgt.cpp">
      <Filter>Generated Files\Debug</Filter>
    </ClCompile>
    <ClCompile Include="GeneratedFiles\Release\moc_oper_tip_link_fail_content_wgt.cpp">
      <Filter>Generated Files\Release</Filter>
    </ClCompile>
    <ClCompile Include="GeneratedFiles\Debug\moc_oper_tip_need_repush_content_wgt.cpp">
      <Filter>Generated Files\Debug</Filter>
    </ClCompile>
    <ClCompile Include="GeneratedFiles\Release\moc_oper_tip_need_repush_content_wgt.cpp">
      <Filter>Generated Files\Release</Filter>
    </ClCompile>
    <ClCompile Include="GeneratedFiles\Debug\moc_oper_tip_no_open_live_content_wgt.cpp">
      <Filter>Generated Files\Debug</Filter>
    </ClCompile>
    <ClCompile Include="GeneratedFiles\Release\moc_oper_tip_no_open_live_content_wgt.cpp">
      <Filter>Generated Files\Release</Filter>
    </ClCompile>
    <ClCompile Include="GeneratedFiles\Debug\moc_oper_tip_start_broad_fail_content_wgt.cpp">
      <Filter>Generated Files\Debug</Filter>
    </ClCompile>
    <ClCompile Include="GeneratedFiles\Release\moc_oper_tip_start_broad_fail_content_wgt.cpp">
      <Filter>Generated Files\Release</Filter>
    </ClCompile>
    <ClCompile Include="GeneratedFiles\Debug\moc_oper_tip_cut_and_retry_content_wgt.cpp">
      <Filter>Generated Files\Debug</Filter>
    </ClCompile>
    <ClCompile Include="GeneratedFiles\Release\moc_oper_tip_cut_and_retry_content_wgt.cpp">
      <Filter>Generated Files\Release</Filter>
    </ClCompile>
    <ClCompile Include="GeneratedFiles\Debug\moc_oper_tip_config_used_and_pushed_content_wgt.cpp">
      <Filter>Generated Files\Debug</Filter>
    </ClCompile>
    <ClCompile Include="GeneratedFiles\Release\moc_oper_tip_config_used_and_pushed_content_wgt.cpp">
      <Filter>Generated Files\Release</Filter>
    </ClCompile>
    <ClCompile Include="GeneratedFiles\Debug\moc_oper_tip_dlg.cpp">
      <Filter>Generated Files\Debug</Filter>
    </ClCompile>
    <ClCompile Include="GeneratedFiles\Release\moc_oper_tip_dlg.cpp">
      <Filter>Generated Files\Release</Filter>
    </ClCompile>
    <ClCompile Include="GeneratedFiles\Debug\moc_oper_tip_error_can_try_content_wgt.cpp">
      <Filter>Generated Files\Debug</Filter>
    </ClCompile>
    <ClCompile Include="GeneratedFiles\Release\moc_oper_tip_error_can_try_content_wgt.cpp">
      <Filter>Generated Files\Release</Filter>
    </ClCompile>
    <ClCompile Include="src\oper_tip_error_can_try_content_wgt.cpp">
      <Filter>Source Files</Filter>
    </ClCompile>
    <ClCompile Include="src\oper_tip_hotkey_duplicate_content_wgt.cpp">
      <Filter>Source Files</Filter>
    </ClCompile>
    <ClCompile Include="src\oper_tip_link_error_simple_contentwgt.cpp">
      <Filter>Source Files</Filter>
    </ClCompile>
    <ClCompile Include="src\oper_tip_link_fail_content_wgt.cpp">
      <Filter>Source Files</Filter>
    </ClCompile>
    <ClCompile Include="src\oper_tip_need_repush_content_wgt.cpp">
      <Filter>Source Files</Filter>
    </ClCompile>
    <ClCompile Include="src\oper_tip_start_broad_fail_content_wgt.cpp">
      <Filter>Source Files</Filter>
    </ClCompile>
    <ClCompile Include="src\oper_tip_cut_and_retry_content_wgt.cpp">
      <Filter>Source Files</Filter>
    </ClCompile>
    <ClCompile Include="src\oper_tip_config_used_and_pushed_content_wgt.cpp">
      <Filter>Source Files</Filter>
    </ClCompile>
    <ClCompile Include="src\oper_tip_no_open_live_content_wgt.cpp">
      <Filter>Source Files</Filter>
    </ClCompile>
    <ClCompile Include="src\oper_tip_dlg_factory.cpp">
      <Filter>Source Files</Filter>
    </ClCompile>
    <ClCompile Include="src\oper_tip_dlg.cpp">
      <Filter>Source Files</Filter>
    </ClCompile>
    <ClCompile Include="src\barrage_history_db_control.cpp">
      <Filter>Source Files</Filter>
    </ClCompile>
    <ClCompile Include="src\barrage_history_control.cpp">
      <Filter>Source Files</Filter>
    </ClCompile>
    <ClCompile Include="src\timer_interface.cpp">
      <Filter>Source Files</Filter>
    </ClCompile>
    <ClCompile Include="src\timer_on_qt.cpp">
      <Filter>Source Files</Filter>
    </ClCompile>
    <ClCompile Include="GeneratedFiles\Debug\moc_timer_on_qt.cpp">
      <Filter>Generated Files\Debug</Filter>
    </ClCompile>
    <ClCompile Include="GeneratedFiles\Release\moc_timer_on_qt.cpp">
      <Filter>Generated Files\Release</Filter>
    </ClCompile>
    <ClCompile Include="GeneratedFiles\Debug\moc_oper_tip_duplicate_name_content_wgt.cpp">
      <Filter>Generated Files\Debug</Filter>
    </ClCompile>
    <ClCompile Include="GeneratedFiles\Release\moc_oper_tip_duplicate_name_content_wgt.cpp">
      <Filter>Generated Files\Release</Filter>
    </ClCompile>
    <ClCompile Include="src\oper_tip_duplicate_name_content_wgt.cpp">
      <Filter>Source Files</Filter>
    </ClCompile>
    <ClCompile Include="src\oper_tip_exit_content_wgt.cpp">
      <Filter>Source Files</Filter>
    </ClCompile>
    <ClCompile Include="GeneratedFiles\Debug\moc_oper_tip_exit_content_wgt.cpp">
      <Filter>Generated Files\Debug</Filter>
    </ClCompile>
    <ClCompile Include="GeneratedFiles\Release\moc_oper_tip_exit_content_wgt.cpp">
      <Filter>Generated Files\Release</Filter>
    </ClCompile>
    <ClCompile Include="src\oper_tip_broadcast_is_cut_off.cpp">
      <Filter>Source Files</Filter>
    </ClCompile>
    <ClCompile Include="GeneratedFiles\Debug\moc_oper_tip_broadcast_is_cut_off.cpp">
      <Filter>Generated Files\Debug</Filter>
    </ClCompile>
    <ClCompile Include="GeneratedFiles\Release\moc_oper_tip_broadcast_is_cut_off.cpp">
      <Filter>Generated Files\Release</Filter>
    </ClCompile>
    <ClCompile Include="src\system_ret_info_dlg.cpp">
      <Filter>Source Files</Filter>
    </ClCompile>
    <ClCompile Include="GeneratedFiles\Debug\moc_system_ret_info_dlg.cpp">
      <Filter>Generated Files\Debug</Filter>
    </ClCompile>
    <ClCompile Include="GeneratedFiles\Release\moc_system_ret_info_dlg.cpp">
      <Filter>Generated Files\Release</Filter>
    </ClCompile>
    <ClCompile Include="src\system_inquiry_style_two_content.cpp">
      <Filter>Source Files</Filter>
    </ClCompile>
    <ClCompile Include="src\system_inquiry_style_one_content.cpp">
      <Filter>Source Files</Filter>
    </ClCompile>
    <ClCompile Include="src\system_inquiry_dlg.cpp">
      <Filter>Source Files</Filter>
    </ClCompile>
    <ClCompile Include="GeneratedFiles\Debug\moc_system_inquiry_dlg.cpp">
      <Filter>Generated Files\Debug</Filter>
    </ClCompile>
    <ClCompile Include="GeneratedFiles\Release\moc_system_inquiry_dlg.cpp">
      <Filter>Generated Files\Release</Filter>
    </ClCompile>
    <ClCompile Include="GeneratedFiles\Debug\moc_system_inquiry_style_two_content.cpp">
      <Filter>Generated Files\Debug</Filter>
    </ClCompile>
    <ClCompile Include="GeneratedFiles\Release\moc_system_inquiry_style_two_content.cpp">
      <Filter>Generated Files\Release</Filter>
    </ClCompile>
    <ClCompile Include="GeneratedFiles\Debug\moc_system_inquiry_style_one_content.cpp">
      <Filter>Generated Files\Debug</Filter>
    </ClCompile>
    <ClCompile Include="GeneratedFiles\Release\moc_system_inquiry_style_one_content.cpp">
      <Filter>Generated Files\Release</Filter>
    </ClCompile>
    <ClCompile Include="src\danmakuopt.cpp">
      <Filter>Source Files</Filter>
    </ClCompile>
    <ClCompile Include="GeneratedFiles\Debug\moc_danmakuopt.cpp">
      <Filter>Generated Files\Debug</Filter>
    </ClCompile>
    <ClCompile Include="GeneratedFiles\Release\moc_danmakuopt.cpp">
      <Filter>Generated Files\Release</Filter>
    </ClCompile>
    <ClCompile Include="src\danmakuwid.cpp">
      <Filter>Source Files</Filter>
    </ClCompile>
    <ClCompile Include="GeneratedFiles\Debug\moc_danmakuwid.cpp">
      <Filter>Generated Files\Debug</Filter>
    </ClCompile>
    <ClCompile Include="GeneratedFiles\Release\moc_danmakuwid.cpp">
      <Filter>Generated Files\Release</Filter>
    </ClCompile>
    <ClCompile Include="GeneratedFiles\Debug\moc_suspendlockwid.cpp">
      <Filter>Generated Files\Debug</Filter>
    </ClCompile>
    <ClCompile Include="GeneratedFiles\Release\moc_suspendlockwid.cpp">
      <Filter>Generated Files\Release</Filter>
    </ClCompile>
    <ClCompile Include="src\suspendlockwid.cpp">
      <Filter>Source Files</Filter>
    </ClCompile>
    <ClCompile Include="src\flowlayout.cpp">
      <Filter>Source Files</Filter>
    </ClCompile>
    <ClCompile Include="src\BiliApiManager.cpp">
      <Filter>Source Files</Filter>
    </ClCompile>
  </ItemGroup>
  <ItemGroup>
    <CustomBuild Include="src\BiLiApp.h">
      <Filter>Header Files</Filter>
    </CustomBuild>
    <CustomBuild Include="src\BiLiOBSMainWid.h">
      <Filter>Header Files</Filter>
    </CustomBuild>
    <CustomBuild Include="src\BiLiOBSSettingWid.h">
      <Filter>Header Files</Filter>
    </CustomBuild>
    <CustomBuild Include="src\ShadowDlg.h">
      <Filter>Header Files</Filter>
    </CustomBuild>
    <CustomBuild Include="src\VideoSettingWid.h">
      <Filter>Header Files</Filter>
    </CustomBuild>
    <CustomBuild Include="Resources\UI\BiLiOBSMainWid.ui">
      <Filter>Form Files</Filter>
    </CustomBuild>
    <CustomBuild Include="Resources\UI\BiLiOBSSettingWid.ui">
      <Filter>Form Files</Filter>
    </CustomBuild>
    <CustomBuild Include="Resources\UI\VideoSettingWid.ui">
      <Filter>Form Files</Filter>
    </CustomBuild>
    <CustomBuild Include="src_obs\window-basic-properties.hpp">
      <Filter>Header Files</Filter>
    </CustomBuild>
    <CustomBuild Include="src_obs\window-basic-preview.hpp">
      <Filter>Header Files</Filter>
    </CustomBuild>
    <CustomBuild Include="src_obs\qt-display.hpp">
      <Filter>Header Files</Filter>
    </CustomBuild>
    <CustomBuild Include="src_obs\properties-view.hpp">
      <Filter>Header Files</Filter>
    </CustomBuild>
    <CustomBuild Include="src_obs\vertical-scroll-area.hpp">
      <Filter>Header Files</Filter>
    </CustomBuild>
    <CustomBuild Include="src_obs\double-slider.hpp">
      <Filter>Header Files</Filter>
    </CustomBuild>
    <CustomBuild Include="src\bili-sceneitem-widget-item.hpp">
      <Filter>Header Files</Filter>
    </CustomBuild>
    <CustomBuild Include="src\BiLiSceneListWidgetOperator.hpp">
      <Filter>Header Files</Filter>
    </CustomBuild>
    <CustomBuild Include="src\BiliNameDialog.hpp">
      <Filter>Header Files</Filter>
    </CustomBuild>
    <CustomBuild Include="Resources\UI\BiliNameDialog.ui">
      <Filter>Form Files</Filter>
    </CustomBuild>
    <CustomBuild Include="Resources\BiLiOBS.qrc">
      <Filter>Resource Files</Filter>
    </CustomBuild>
    <CustomBuild Include="src\BiliBroadcastButtonOperator.hpp">
      <Filter>Header Files</Filter>
    </CustomBuild>
    <CustomBuild Include="Resources\UI\BiLiAudioDevSettingWid.ui">
      <Filter>Form Files</Filter>
    </CustomBuild>
    <CustomBuild Include="src\BiLiAudioDevSettingWid.h">
      <Filter>Header Files</Filter>
    </CustomBuild>
    <CustomBuild Include="src\BiLiPropertyDlg.h">
      <Filter>Header Files</Filter>
    </CustomBuild>
    <CustomBuild Include="Resources\UI\BiLiPropertyDlg.ui">
      <Filter>Form Files</Filter>
    </CustomBuild>
    <CustomBuild Include="Resources\UI\AdvancedSettingWid.ui">
      <Filter>Form Files</Filter>
    </CustomBuild>
    <CustomBuild Include="Resources\UI\AudioDeviceSettingWid.ui">
      <Filter>Form Files</Filter>
    </CustomBuild>
    <CustomBuild Include="src\AudioDeviceSettingWid.h">
      <Filter>Header Files</Filter>
    </CustomBuild>
    <CustomBuild Include="Resources\UI\BiLiMsgDlg.ui">
      <Filter>Form Files</Filter>
    </CustomBuild>
    <CustomBuild Include="src\BiLiMsgDlg.h">
      <Filter>Header Files</Filter>
    </CustomBuild>
    <CustomBuild Include="src\BiLiUserInfoWid.h">
      <Filter>Header Files</Filter>
    </CustomBuild>
    <CustomBuild Include="Resources\UI\BiLiUserInfoWid.ui">
      <Filter>Form Files</Filter>
    </CustomBuild>
    <CustomBuild Include="src\AdvancedSettingWid.h">
      <Filter>Header Files</Filter>
    </CustomBuild>
    <CustomBuild Include="src\PushStreamSettingWid.h">
      <Filter>Header Files</Filter>
    </CustomBuild>
    <CustomBuild Include="Resources\UI\PushStreamSettingWid.ui">
      <Filter>Form Files</Filter>
    </CustomBuild>
    <CustomBuild Include="src\PropertyDlgVolSliderWid.h">
      <Filter>Header Files</Filter>
    </CustomBuild>
    <CustomBuild Include="src\RightListToolbar.h">
      <Filter>Header Files</Filter>
    </CustomBuild>
    <CustomBuild Include="src\bili_area_cap.h">
      <Filter>Header Files</Filter>
    </CustomBuild>
    <CustomBuild Include="src\bili_area_tool.h">
      <Filter>Header Files</Filter>
    </CustomBuild>
    <CustomBuild Include="Resources\UI\bili_area_tool.ui">
      <Filter>Form Files</Filter>
    </CustomBuild>
    <CustomBuild Include="src\BiliRecordButtonOperator.hpp">
      <Filter>Header Files</Filter>
    </CustomBuild>
    <CustomBuild Include="src\advsetttingbasedlg.h">
      <Filter>Header Files</Filter>
    </CustomBuild>
    <CustomBuild Include="resources\ui\advsetttingbasedlg.ui">
      <Filter>Form Files</Filter>
    </CustomBuild>
    <CustomBuild Include="src\danmakusettingdlg.h">
      <Filter>Header Files</Filter>
    </CustomBuild>
    <CustomBuild Include="src\danmakucreate.h">
      <Filter>Header Files</Filter>
    </CustomBuild>
    <CustomBuild Include="src\danmakumove.h">
      <Filter>Header Files</Filter>
    </CustomBuild>
    <CustomBuild Include="src\danmakurender.h">
      <Filter>Header Files</Filter>
    </CustomBuild>
    <CustomBuild Include="src\danmakudisplaysettingwid.h">
      <Filter>Header Files</Filter>
    </CustomBuild>
    <CustomBuild Include="resources\ui\danmakudisplaysettingwid.ui">
      <Filter>Form Files</Filter>
    </CustomBuild>
    <CustomBuild Include="src\danmakudetailsettingwid.h">
      <Filter>Header Files</Filter>
    </CustomBuild>
    <CustomBuild Include="resources\ui\danmakudetailsettingwid.ui">
      <Filter>Form Files</Filter>
    </CustomBuild>
    <CustomBuild Include="src\raw_data_manager.h">
      <Filter>Header Files</Filter>
    </CustomBuild>
    <CustomBuild Include="src\raw_data_manager_assitant.h">
      <Filter>Header Files</Filter>
    </CustomBuild>
    <CustomBuild Include="src\barrage_history.h">
      <Filter>Header Files</Filter>
    </CustomBuild>
    <CustomBuild Include="src\net_status_wgt.h">
      <Filter>Header Files</Filter>
    </CustomBuild>
    <CustomBuild Include="resources\ui\net_status_wgt.ui">
      <Filter>Form Files</Filter>
    </CustomBuild>
    <CustomBuild Include="resources\ui\barrage_history.ui">
      <Filter>Form Files</Filter>
    </CustomBuild>
    <CustomBuild Include="resources\ui\bili-icon-msgdlg.ui">
      <Filter>Form Files</Filter>
    </CustomBuild>
    <CustomBuild Include="src\bili-icon-msgdlg.h">
      <Filter>Header Files</Filter>
    </CustomBuild>
    <CustomBuild Include="resources\ui\HotkeySettingWid.ui">
      <Filter>Form Files</Filter>
    </CustomBuild>
    <CustomBuild Include="src\HotkeySettingWid.h">
      <Filter>Header Files</Filter>
    </CustomBuild>
    <CustomBuild Include="resources\ui\HotkeyItemWid.ui">
      <Filter>Form Files</Filter>
    </CustomBuild>
    <CustomBuild Include="src\HotkeyItemWid.h">
      <Filter>Header Files</Filter>
    </CustomBuild>
    <CustomBuild Include="src\pix_replace_move_opt.h">
      <Filter>Header Files</Filter>
    </CustomBuild>
    <CustomBuild Include="src\slider_interface.h">
      <Filter>Header Files</Filter>
    </CustomBuild>
    <CustomBuild Include="src\spc_vol_slider.h">
      <Filter>Header Files</Filter>
    </CustomBuild>
    <CustomBuild Include="resources\ui\HotkeyTriggeredNotice.ui">
      <Filter>Form Files</Filter>
    </CustomBuild>
    <CustomBuild Include="src\HotkeyTriggeredNotice.h">
      <Filter>Header Files</Filter>
    </CustomBuild>
    <CustomBuild Include="src\bili_effect_widget.h">
      <Filter>Header Files</Filter>
    </CustomBuild>
    <CustomBuild Include="src\rounded_widget.h">
      <Filter>Header Files</Filter>
    </CustomBuild>
    <CustomBuild Include="resources\ui\danmakuhistorysettingwid.ui">
      <Filter>Form Files</Filter>
    </CustomBuild>
    <CustomBuild Include="src\danmakuhistorysettingwid.h">
      <Filter>Header Files</Filter>
    </CustomBuild>
    <CustomBuild Include="src\restrict_text_area.h">
      <Filter>Header Files</Filter>
    </CustomBuild>
    <CustomBuild Include="src\content_slider.h">
      <Filter>Header Files</Filter>
    </CustomBuild>
    <CustomBuild Include="src\oper_tip_hotkey_duplicate_content_wgt.h">
      <Filter>Header Files</Filter>
    </CustomBuild>
    <CustomBuild Include="src\oper_tip_link_error_simple_contentwgt.h">
      <Filter>Header Files</Filter>
    </CustomBuild>
    <CustomBuild Include="src\oper_tip_link_fail_content_wgt.h">
      <Filter>Header Files</Filter>
    </CustomBuild>
    <CustomBuild Include="src\oper_tip_need_repush_content_wgt.h">
      <Filter>Header Files</Filter>
    </CustomBuild>
    <CustomBuild Include="src\oper_tip_no_open_live_content_wgt.h">
      <Filter>Header Files</Filter>
    </CustomBuild>
    <CustomBuild Include="src\oper_tip_start_broad_fail_content_wgt.h">
      <Filter>Header Files</Filter>
    </CustomBuild>
    <CustomBuild Include="src\oper_tip_cut_and_retry_content_wgt.h">
      <Filter>Header Files</Filter>
    </CustomBuild>
    <CustomBuild Include="src\oper_tip_config_used_and_pushed_content_wgt.h">
      <Filter>Header Files</Filter>
    </CustomBuild>
    <CustomBuild Include="src\oper_tip_dlg.h">
      <Filter>Header Files</Filter>
    </CustomBuild>
    <CustomBuild Include="src\oper_tip_error_can_try_content_wgt.h">
      <Filter>Header Files</Filter>
    </CustomBuild>
    <CustomBuild Include="resources\ui\oper_tip_need_repush_content_wgt.ui">
      <Filter>Form Files</Filter>
    </CustomBuild>
    <CustomBuild Include="resources\ui\oper_tip_link_error_simple_contentwgt.ui">
      <Filter>Form Files</Filter>
    </CustomBuild>
    <CustomBuild Include="resources\ui\oper_tip_hotkey_duplicate_content_wgt.ui">
      <Filter>Form Files</Filter>
    </CustomBuild>
    <CustomBuild Include="resources\ui\oper_tip_error_can_try_content_wgt.ui">
      <Filter>Form Files</Filter>
    </CustomBuild>
    <CustomBuild Include="resources\ui\oper_tip_cut_and_retry_content_wgt.ui">
      <Filter>Form Files</Filter>
    </CustomBuild>
    <CustomBuild Include="resources\ui\oper_tip_config_used_and_pushed_content_wgt.ui">
      <Filter>Form Files</Filter>
    </CustomBuild>
    <CustomBuild Include="resources\ui\oper_tip_dlg.ui">
      <Filter>Form Files</Filter>
    </CustomBuild>
    <CustomBuild Include="resources\ui\oper_tip_no_open_live_content_wgt.ui">
      <Filter>Form Files</Filter>
    </CustomBuild>
    <CustomBuild Include="resources\ui\oper_tip_start_broad_fail_content_wgt.ui">
      <Filter>Form Files</Filter>
    </CustomBuild>
    <CustomBuild Include="resources\ui\oper_tip_link_fail_content_wgt.ui">
      <Filter>Form Files</Filter>
    </CustomBuild>
    <CustomBuild Include="src\timer_on_qt.h">
      <Filter>Header Files</Filter>
    </CustomBuild>
    <CustomBuild Include="src\oper_tip_duplicate_name_content_wgt.h">
      <Filter>Header Files</Filter>
    </CustomBuild>
    <CustomBuild Include="resources\ui\oper_tip_duplicate_name_content_wgt.ui">
      <Filter>Form Files</Filter>
    </CustomBuild>
    <CustomBuild Include="src\oper_tip_exit_content_wgt.h">
      <Filter>Header Files</Filter>
    </CustomBuild>
    <CustomBuild Include="src\oper_tip_broadcast_is_cut_off.h">
      <Filter>Header Files</Filter>
    </CustomBuild>
    <CustomBuild Include="resources\ui\oper_tip_broadcast_is_cut_off.ui">
      <Filter>Form Files</Filter>
    </CustomBuild>
    <CustomBuild Include="resources\ui\oper_tip_exit_content_wgt.ui">
      <Filter>Form Files</Filter>
    </CustomBuild>
    <CustomBuild Include="src\system_ret_info_dlg.h">
      <Filter>Header Files</Filter>
    </CustomBuild>
    <CustomBuild Include="resources\ui\system_ret_info_dlg.ui">
      <Filter>Form Files</Filter>
    </CustomBuild>
    <CustomBuild Include="resources\ui\system_inquiry_style_one_content.ui">
      <Filter>Form Files</Filter>
    </CustomBuild>
    <CustomBuild Include="resources\ui\system_inquiry_dlg.ui">
      <Filter>Form Files</Filter>
    </CustomBuild>
    <CustomBuild Include="resources\ui\system_inquiry_style_two_content.ui">
      <Filter>Form Files</Filter>
    </CustomBuild>
    <CustomBuild Include="src\system_inquiry_dlg.h">
      <Filter>Header Files</Filter>
    </CustomBuild>
    <CustomBuild Include="src\system_inquiry_style_two_content.h">
      <Filter>Header Files</Filter>
    </CustomBuild>
    <CustomBuild Include="src\system_inquiry_style_one_content.h">
      <Filter>Header Files</Filter>
    </CustomBuild>
    <CustomBuild Include="src\danmakuopt.h">
      <Filter>Header Files</Filter>
    </CustomBuild>
    <CustomBuild Include="src\danmakuwid.h">
      <Filter>Header Files</Filter>
    </CustomBuild>
    <CustomBuild Include="src\suspendlockwid.h">
      <Filter>Header Files</Filter>
    </CustomBuild>
    <CustomBuild Include="resources\ui\danmakuwid.ui">
      <Filter>Form Files</Filter>
    </CustomBuild>
    <CustomBuild Include="resources\ui\suspendlockwid.ui">
      <Filter>Form Files</Filter>
    </CustomBuild>
    <CustomBuild Include="resources\ui\scalehoverwid.ui">
      <Filter>Form Files</Filter>
    </CustomBuild>
  </ItemGroup>
  <ItemGroup>
    <None Include="Resources\BiLiStyle.qss">
      <Filter>Resource Files</Filter>
    </None>
    <None Include="Resources\Translation\biliobs_zh.ts">
      <Filter>Resource Files</Filter>
    </None>
    <None Include="Resources\Translation\biliobs_zh.qm">
      <Filter>Form Files</Filter>
    </None>
  </ItemGroup>
  <ItemGroup>
    <Image Include="Resources\UI\Img\xButton.png">
      <Filter>Resource Files</Filter>
    </Image>
    <Image Include="Resources\UI\Img\minimalButton.png">
      <Filter>Resource Files</Filter>
    </Image>
    <Image Include="Resources\UI\Img\bilibili_live_logo.png">
      <Filter>Resource Files</Filter>
    </Image>
    <Image Include="Resources\UI\Img\config.png">
      <Filter>Resource Files</Filter>
    </Image>
    <Image Include="Resources\UI\Img\configOver.png">
      <Filter>Resource Files</Filter>
    </Image>
    <Image Include="Resources\UI\Img\micphone.png">
      <Filter>Resource Files</Filter>
    </Image>
    <Image Include="Resources\UI\Img\micphoneOver.png">
      <Filter>Resource Files</Filter>
    </Image>
    <Image Include="Resources\UI\Img\removeButton.png">
      <Filter>Resource Files</Filter>
    </Image>
    <Image Include="Resources\UI\Img\removeButtonOver.png">
      <Filter>Resource Files</Filter>
    </Image>
    <Image Include="Resources\UI\Img\sourceCamera.png">
      <Filter>Resource Files</Filter>
    </Image>
    <Image Include="Resources\UI\Img\sourceCameraOver.png">
      <Filter>Resource Files</Filter>
    </Image>
    <Image Include="Resources\UI\Img\sourceGame.png">
      <Filter>Resource Files</Filter>
    </Image>
    <Image Include="Resources\UI\Img\sourceGameOver.png">
      <Filter>Resource Files</Filter>
    </Image>
    <Image Include="Resources\UI\Img\sourceMonitor.png">
      <Filter>Resource Files</Filter>
    </Image>
    <Image Include="Resources\UI\Img\sourceMonitorOver.png">
      <Filter>Resource Files</Filter>
    </Image>
    <Image Include="Resources\UI\Img\sourcePicture.png">
      <Filter>Resource Files</Filter>
    </Image>
    <Image Include="Resources\UI\Img\sourcePictureOver.png">
      <Filter>Resource Files</Filter>
    </Image>
    <Image Include="Resources\UI\Img\sourceText.png">
      <Filter>Resource Files</Filter>
    </Image>
    <Image Include="Resources\UI\Img\sourceTextOver.png">
      <Filter>Resource Files</Filter>
    </Image>
    <Image Include="Resources\UI\Img\sourceVideo.png">
      <Filter>Resource Files</Filter>
    </Image>
    <Image Include="Resources\UI\Img\sourceVideoOver.png">
      <Filter>Resource Files</Filter>
    </Image>
    <Image Include="Resources\UI\Img\sourceWindowBtn.png">
      <Filter>Resource Files</Filter>
    </Image>
    <Image Include="Resources\UI\Img\sourceWindowBtnOver.png">
      <Filter>Resource Files</Filter>
    </Image>
    <Image Include="Resources\UI\Img\volume.png">
      <Filter>Resource Files</Filter>
    </Image>
    <Image Include="Resources\UI\Img\volumeOver.png">
      <Filter>Resource Files</Filter>
    </Image>
    <Image Include="Resources\直播姬_官方蓝48.ico" />
    <Image Include="Resources\直播姬_官方蓝128.ico" />
    <Image Include="resources\icon_blue.ico" />
  </ItemGroup>
  <ItemGroup>
    <ClInclude Include="GeneratedFiles\ui_BiLiOBSMainWid.h">
      <Filter>Generated Files</Filter>
    </ClInclude>
    <ClInclude Include="GeneratedFiles\ui_BiLiOBSSettingWid.h">
      <Filter>Generated Files</Filter>
    </ClInclude>
    <ClInclude Include="GeneratedFiles\ui_VideoSettingWid.h">
      <Filter>Generated Files</Filter>
    </ClInclude>
    <ClInclude Include="src_obs\obs-app-api.hpp">
      <Filter>Header Files</Filter>
    </ClInclude>
    <ClInclude Include="src_obs\qt-wrappers.hpp">
      <Filter>Header Files</Filter>
    </ClInclude>
    <ClInclude Include="src_obs\platform.hpp">
      <Filter>Header Files</Filter>
    </ClInclude>
    <ClInclude Include="src_obs\display-helpers.hpp">
      <Filter>Header Files</Filter>
    </ClInclude>
    <ClInclude Include="GeneratedFiles\ui_BiliNameDialog.h">
      <Filter>Generated Files</Filter>
    </ClInclude>
    <ClInclude Include="src\bili_move_frameless_window.hpp">
      <Filter>Header Files</Filter>
    </ClInclude>
    <ClInclude Include="src\BiliOBSUtility.hpp">
      <Filter>Header Files</Filter>
    </ClInclude>
    <ClInclude Include="src\BiliUIConfigSync.hpp">
      <Filter>Header Files</Filter>
    </ClInclude>
    <ClInclude Include="src\BiliGlobalDatas.hpp">
      <Filter>Header Files</Filter>
    </ClInclude>
    <ClInclude Include="src\base64.h">
      <Filter>Header Files</Filter>
    </ClInclude>
    <ClInclude Include="src\bili-thread-worker.h">
      <Filter>Header Files</Filter>
    </ClInclude>
    <ClInclude Include="src\md5.h">
      <Filter>Header Files</Filter>
    </ClInclude>
    <ClInclude Include="src_obs\audio-encoders.hpp">
      <Filter>Header Files</Filter>
    </ClInclude>
    <ClInclude Include="src_obs\window-basic-main-outputs.hpp">
      <Filter>Header Files</Filter>
    </ClInclude>
    <ClInclude Include="GeneratedFiles\ui_BiLiAudioDevSettingWid.h">
      <Filter>Generated Files</Filter>
    </ClInclude>
    <ClInclude Include="GeneratedFiles\ui_BiLiPropertyDlg.h">
      <Filter>Generated Files</Filter>
    </ClInclude>
    <ClInclude Include="GeneratedFiles\ui_AdvancedSettingWid.h">
      <Filter>Generated Files</Filter>
    </ClInclude>
    <ClInclude Include="GeneratedFiles\ui_AudioDeviceSettingWid.h">
      <Filter>Generated Files</Filter>
    </ClInclude>
    <ClInclude Include="src\BiliDanmakuHime.hpp">
      <Filter>Header Files</Filter>
    </ClInclude>
    <ClInclude Include="GeneratedFiles\ui_BiLiMsgDlg.h">
      <Filter>Header Files</Filter>
    </ClInclude>
    <ClInclude Include="GeneratedFiles\ui_BiLiUserInfoWid.h">
      <Filter>Generated Files</Filter>
    </ClInclude>
    <ClInclude Include="GeneratedFiles\ui_PushStreamSettingWid.h">
      <Filter>Generated Files</Filter>
    </ClInclude>
    <ClInclude Include="resource.h">
      <Filter>Header Files</Filter>
    </ClInclude>
    <ClInclude Include="GeneratedFiles\ui_bili_area_tool.h">
      <Filter>Generated Files</Filter>
    </ClInclude>
    <ClInclude Include="..\common\biliobs_path.h">
      <Filter>common</Filter>
    </ClInclude>
    <ClInclude Include="..\common\biliobs_paths.h">
      <Filter>common</Filter>
    </ClInclude>
    <ClInclude Include="src\bili_counter_trigger.h">
      <Filter>Header Files</Filter>
    </ClInclude>
    <ClInclude Include="src\BiliFilterUtility.hpp">
      <Filter>Header Files</Filter>
    </ClInclude>
    <ClInclude Include="src\circle_slider_slider.h">
      <Filter>Header Files</Filter>
    </ClInclude>
    <ClInclude Include="GeneratedFiles\ui_advsetttingbasedlg.h">
      <Filter>Generated Files</Filter>
    </ClInclude>
    <ClInclude Include="src\tasknamespace.h">
      <Filter>Header Files</Filter>
    </ClInclude>
    <ClInclude Include="GeneratedFiles\ui_danmakudisplaysettingwid.h">
      <Filter>Generated Files</Filter>
    </ClInclude>
    <ClInclude Include="GeneratedFiles\ui_danmakudetailsettingwid.h">
      <Filter>Generated Files</Filter>
    </ClInclude>
    <ClInclude Include="src\bili_obs_source_helper.h">
      <Filter>Header Files</Filter>
    </ClInclude>
    <ClInclude Include="GeneratedFiles\ui_net_status_wgt.h">
      <Filter>Generated Files</Filter>
    </ClInclude>
    <ClInclude Include="GeneratedFiles\ui_barrage_history.h">
      <Filter>Generated Files</Filter>
    </ClInclude>
    <ClInclude Include="GeneratedFiles\ui_bili-icon-msgdlg.h">
      <Filter>Generated Files</Filter>
    </ClInclude>
    <ClInclude Include="GeneratedFiles\ui_HotkeySettingWid.h">
      <Filter>Generated Files</Filter>
    </ClInclude>
    <ClInclude Include="src\spc_stride_slider.h">
      <Filter>Header Files</Filter>
    </ClInclude>
    <ClInclude Include="GeneratedFiles\ui_HotkeyItemWid.h">
      <Filter>Generated Files</Filter>
    </ClInclude>
    <ClInclude Include="src\HotkeyManager.h">
      <Filter>Header Files</Filter>
    </ClInclude>
    <ClInclude Include="GeneratedFiles\ui_HotkeyTriggeredNotice.h">
      <Filter>Generated Files</Filter>
    </ClInclude>
    <ClInclude Include="src\wcs_weak_ref.h">
      <Filter>Header Files</Filter>
    </ClInclude>
    <ClInclude Include="src\effect_window_interface.h">
      <Filter>Header Files</Filter>
    </ClInclude>
    <ClInclude Include="GeneratedFiles\ui_danmakuhistorysettingwid.h">
      <Filter>Generated Files</Filter>
    </ClInclude>
    <ClInclude Include="src\slider_input_accept_macro.h">
      <Filter>Header Files</Filter>
    </ClInclude>
    <ClInclude Include="src\oper_tip_dlg_factory.h">
      <Filter>Header Files</Filter>
    </ClInclude>
    <ClInclude Include="GeneratedFiles\ui_oper_tip_need_repush_content_wgt.h">
      <Filter>Generated Files</Filter>
    </ClInclude>
    <ClInclude Include="GeneratedFiles\ui_oper_tip_link_error_simple_contentwgt.h">
      <Filter>Generated Files</Filter>
    </ClInclude>
    <ClInclude Include="GeneratedFiles\ui_oper_tip_hotkey_duplicate_content_wgt.h">
      <Filter>Generated Files</Filter>
    </ClInclude>
    <ClInclude Include="GeneratedFiles\ui_oper_tip_error_can_try_content_wgt.h">
      <Filter>Generated Files</Filter>
    </ClInclude>
    <ClInclude Include="GeneratedFiles\ui_oper_tip_cut_and_retry_content_wgt.h">
      <Filter>Generated Files</Filter>
    </ClInclude>
    <ClInclude Include="GeneratedFiles\ui_oper_tip_config_used_and_pushed_content_wgt.h">
      <Filter>Generated Files</Filter>
    </ClInclude>
    <ClInclude Include="GeneratedFiles\ui_oper_tip_dlg.h">
      <Filter>Generated Files</Filter>
    </ClInclude>
    <ClInclude Include="GeneratedFiles\ui_oper_tip_no_open_live_content_wgt.h">
      <Filter>Generated Files</Filter>
    </ClInclude>
    <ClInclude Include="GeneratedFiles\ui_oper_tip_start_broad_fail_content_wgt.h">
      <Filter>Generated Files</Filter>
    </ClInclude>
    <ClInclude Include="GeneratedFiles\ui_oper_tip_link_fail_content_wgt.h">
      <Filter>Generated Files</Filter>
    </ClInclude>
    <ClInclude Include="src\barrage_history_macro.h">
      <Filter>Header Files</Filter>
    </ClInclude>
    <ClInclude Include="src\barrage_history_db_control.h">
      <Filter>Header Files</Filter>
    </ClInclude>
    <ClInclude Include="src\barrage_history_db_control_interface.h">
      <Filter>Header Files</Filter>
    </ClInclude>
    <ClInclude Include="src\barrage_history_control.h">
      <Filter>Header Files</Filter>
    </ClInclude>
    <ClInclude Include="src\timer_interface.h">
      <Filter>Header Files</Filter>
    </ClInclude>
    <ClInclude Include="GeneratedFiles\ui_oper_tip_duplicate_name_content_wgt.h">
      <Filter>Generated Files</Filter>
    </ClInclude>
    <ClInclude Include="GeneratedFiles\ui_oper_tip_broadcast_is_cut_off.h">
      <Filter>Generated Files</Filter>
    </ClInclude>
    <ClInclude Include="GeneratedFiles\ui_oper_tip_exit_content_wgt.h">
      <Filter>Generated Files</Filter>
    </ClInclude>
    <ClInclude Include="GeneratedFiles\ui_system_ret_info_dlg.h">
      <Filter>Generated Files</Filter>
    </ClInclude>
    <ClInclude Include="GeneratedFiles\ui_system_inquiry_style_one_content.h">
      <Filter>Generated Files</Filter>
    </ClInclude>
    <ClInclude Include="GeneratedFiles\ui_system_inquiry_dlg.h">
      <Filter>Generated Files</Filter>
    </ClInclude>
    <ClInclude Include="GeneratedFiles\ui_system_inquiry_style_two_content.h">
      <Filter>Generated Files</Filter>
    </ClInclude>
    <ClInclude Include="GeneratedFiles\ui_danmakuwid.h">
      <Filter>Generated Files</Filter>
    </ClInclude>
    <ClInclude Include="GeneratedFiles\ui_suspendlockwid.h">
      <Filter>Generated Files</Filter>
    </ClInclude>
    <ClInclude Include="GeneratedFiles\ui_scalehoverwid.h">
      <Filter>Generated Files</Filter>
    </ClInclude>
    <ClInclude Include="src\flowlayout.h">
      <Filter>Header Files</Filter>
    </ClInclude>
    <ClInclude Include="src\BiliApiManager.h">
      <Filter>Header Files</Filter>
    </ClInclude>
  </ItemGroup>
  <ItemGroup>
    <ResourceCompile Include="Resource.rc" />
    <ResourceCompile Include="..\build\buildcfg\versionno.rc" />
  </ItemGroup>
</Project>