Microsoft Visual Studio Solution File, Format Version 12.00
# Visual Studio 2013
VisualStudioVersion = 12.0.31101.0
MinimumVisualStudioVersion = 10.0.40219.1
Project("{8BC9CEB8-8B4A-11D0-8D11-00A0C91BC942}") = "libff", "..\third_party\libff\libff.vcxproj", "{0FCD8437-BE25-351A-9F27-361A43DF55F3}"
EndProject
Project("{8BC9CEB8-8B4A-11D0-8D11-00A0C91BC942}") = "libobs", "..\libobs\libobs.vcxproj", "{2E77904B-BCEF-3648-9EDD-D9CB1E0D9E37}"
	ProjectSection(ProjectDependencies) = postProject
		{0FCD8437-BE25-351A-9F27-361A43DF55F3} = {0FCD8437-BE25-351A-9F27-361A43DF55F3}
		{DB4C1A50-D771-3EEE-88E2-756B4FCBDD03} = {DB4C1A50-D771-3EEE-88E2-756B4FCBDD03}
		{80AA0E75-073C-3786-9B5B-7C53C2541BE5} = {80AA0E75-073C-3786-9B5B-7C53C2541BE5}
		{4F1DBA7C-F890-4789-2BE9-1621AF1FF1EC} = {4F1DBA7C-F890-4789-2BE9-1621AF1FF1EC}
		{41152D95-C2A4-3E39-A77C-4F85567A5E59} = {41152D95-C2A4-3E39-A77C-4F85567A5E59}
		{78B079BD-9FC7-4B9E-B4A6-96DA0F00248B} = {78B079BD-9FC7-4B9E-B4A6-96DA0F00248B}
		{B5810ED8-6B78-372C-8219-E69F2930D198} = {B5810ED8-6B78-372C-8219-E69F2930D198}
		{C48C27FD-D45C-369A-99B3-9EC9AB0EFCEA} = {C48C27FD-D45C-369A-99B3-9EC9AB0EFCEA}
	EndProjectSection
EndProject
Project("{8BC9CEB8-8B4A-11D0-8D11-00A0C91BC942}") = "w32-pthreads", "..\third_party\w32-pthreads\w32-pthreads.vcxproj", "{B5810ED8-6B78-372C-8219-E69F2930D198}"
EndProject
Project("{2150E333-8FDC-42A3-9474-1A3956D46DE8}") = "(third_party)", "(third_party)", "{00E9D24F-6672-4C85-B9AA-9615BC0BB4E6}"
EndProject
Project("{8BC9CEB8-8B4A-11D0-8D11-00A0C91BC942}") = "file-updater", "..\third_party\file-updater\file-updater.vcxproj", "{41152D95-C2A4-3E39-A77C-4F85567A5E59}"
EndProject
Project("{8BC9CEB8-8B4A-11D0-8D11-00A0C91BC942}") = "freetype", "..\third_party\freetype\freetype.vcxproj", "{78B079BD-9FC7-4B9E-B4A6-96DA0F00248B}"
EndProject
Project("{8BC9CEB8-8B4A-11D0-8D11-00A0C91BC942}") = "glad", "..\third_party\glad\glad.vcxproj", "{C48C27FD-D45C-369A-99B3-9EC9AB0EFCEA}"
EndProject
Project("{8BC9CEB8-8B4A-11D0-8D11-00A0C91BC942}") = "ipc-util", "..\third_party\ipc-util\ipc-util.vcxproj", "{80AA0E75-073C-3786-9B5B-7C53C2541BE5}"
EndProject
Project("{8BC9CEB8-8B4A-11D0-8D11-00A0C91BC942}") = "jansson", "..\third_party\jansson\jansson.vcxproj", "{DB4C1A50-D771-3EEE-88E2-756B4FCBDD03}"
EndProject
Project("{8BC9CEB8-8B4A-11D0-8D11-00A0C91BC942}") = "zlib", "..\third_party\zlib\zlib.vcxproj", "{4F1DBA7C-F890-4789-2BE9-1621AF1FF1EC}"
EndProject
Project("{2150E333-8FDC-42A3-9474-1A3956D46DE8}") = "(plugins)", "(plugins)", "{3DE2C515-D74D-4C7E-A4ED-40EA62D0C440}"
EndProject
Project("{8BC9CEB8-8B4A-11D0-8D11-00A0C91BC942}") = "coreaudio-encoder", "..\plugins\coreaudio-encoder\coreaudio-encoder.vcxproj", "{A5C4ED53-A27B-3CE5-8C62-2E8D225B0D75}"
	ProjectSection(ProjectDependencies) = postProject
		{2E77904B-BCEF-3648-9EDD-D9CB1E0D9E37} = {2E77904B-BCEF-3648-9EDD-D9CB1E0D9E37}
	EndProjectSection
EndProject
Project("{8BC9CEB8-8B4A-11D0-8D11-00A0C91BC942}") = "image-source", "..\plugins\image-source\image-source.vcxproj", "{72F1C1D8-F7C2-3BD2-966F-45C2FDC897F7}"
	ProjectSection(ProjectDependencies) = postProject
		{2E77904B-BCEF-3648-9EDD-D9CB1E0D9E37} = {2E77904B-BCEF-3648-9EDD-D9CB1E0D9E37}
	EndProjectSection
EndProject
Project("{8BC9CEB8-8B4A-11D0-8D11-00A0C91BC942}") = "obs-ffmpeg", "..\plugins\obs-ffmpeg\obs-ffmpeg.vcxproj", "{59B0205C-EFAF-3AF1-BD0A-A6891646B908}"
	ProjectSection(ProjectDependencies) = postProject
		{2E77904B-BCEF-3648-9EDD-D9CB1E0D9E37} = {2E77904B-BCEF-3648-9EDD-D9CB1E0D9E37}
		{7451CD86-ADB7-3AC0-B19C-4BC1F6EAB04E} = {7451CD86-ADB7-3AC0-B19C-4BC1F6EAB04E}
	EndProjectSection
EndProject
Project("{8BC9CEB8-8B4A-11D0-8D11-00A0C91BC942}") = "obs-filters", "..\plugins\obs-filters\obs-filters.vcxproj", "{039236D2-8516-34EA-819B-972695F8C9D3}"
	ProjectSection(ProjectDependencies) = postProject
		{2E77904B-BCEF-3648-9EDD-D9CB1E0D9E37} = {2E77904B-BCEF-3648-9EDD-D9CB1E0D9E37}
	EndProjectSection
EndProject
Project("{8BC9CEB8-8B4A-11D0-8D11-00A0C91BC942}") = "obs-outputs", "..\plugins\obs-outputs\obs-outputs.vcxproj", "{9D8D78B5-1F33-3995-AD4E-6D911EB9AB60}"
	ProjectSection(ProjectDependencies) = postProject
		{2E77904B-BCEF-3648-9EDD-D9CB1E0D9E37} = {2E77904B-BCEF-3648-9EDD-D9CB1E0D9E37}
	EndProjectSection
EndProject
Project("{8BC9CEB8-8B4A-11D0-8D11-00A0C91BC942}") = "obs-x264", "..\plugins\obs-x264\obs-x264.vcxproj", "{568D1F28-9B5C-37CF-AAA0-B54D574AFA4A}"
	ProjectSection(ProjectDependencies) = postProject
		{2E77904B-BCEF-3648-9EDD-D9CB1E0D9E37} = {2E77904B-BCEF-3648-9EDD-D9CB1E0D9E37}
	EndProjectSection
EndProject
Project("{8BC9CEB8-8B4A-11D0-8D11-00A0C91BC942}") = "rtmp-services", "..\plugins\rtmp-services\rtmp-services.vcxproj", "{C99ED868-C44E-3CA6-8E36-93F475DF9E00}"
	ProjectSection(ProjectDependencies) = postProject
		{2E77904B-BCEF-3648-9EDD-D9CB1E0D9E37} = {2E77904B-BCEF-3648-9EDD-D9CB1E0D9E37}
	EndProjectSection
EndProject
Project("{8BC9CEB8-8B4A-11D0-8D11-00A0C91BC942}") = "text-freetype2", "..\plugins\text-freetype2\text-freetype2.vcxproj", "{FC9EA94D-A93B-35A6-96CA-DF6374AE72D8}"
	ProjectSection(ProjectDependencies) = postProject
		{2E77904B-BCEF-3648-9EDD-D9CB1E0D9E37} = {2E77904B-BCEF-3648-9EDD-D9CB1E0D9E37}
	EndProjectSection
EndProject
Project("{8BC9CEB8-8B4A-11D0-8D11-00A0C91BC942}") = "win-capture", "..\plugins\win-capture\win-capture.vcxproj", "{51456AC5-B968-35FD-89EE-C7F970172D0F}"
	ProjectSection(ProjectDependencies) = postProject
		{B962AB07-EC01-4402-82BE-47C8244C72CB} = {B962AB07-EC01-4402-82BE-47C8244C72CB}
		{BEA0D508-6BDB-431F-90B4-23A2969AD848} = {BEA0D508-6BDB-431F-90B4-23A2969AD848}
		{39CC3F13-E6B5-4FF0-9E58-A9DE5A01D656} = {39CC3F13-E6B5-4FF0-9E58-A9DE5A01D656}
		{7913E51C-3275-304A-9F79-4617A7B7F7FB} = {7913E51C-3275-304A-9F79-4617A7B7F7FB}
		{C84D433D-C3C8-48F6-A68B-83130CF4C1C7} = {C84D433D-C3C8-48F6-A68B-83130CF4C1C7}
		{2E77904B-BCEF-3648-9EDD-D9CB1E0D9E37} = {2E77904B-BCEF-3648-9EDD-D9CB1E0D9E37}
		{BEFF6654-2499-3F8C-8646-1D3E8173C05D} = {BEFF6654-2499-3F8C-8646-1D3E8173C05D}
		{96B258A0-391E-4D4C-97F4-10A1D4FDF22B} = {96B258A0-391E-4D4C-97F4-10A1D4FDF22B}
		{7A01D1BB-A0C1-330D-A4A5-D765E82638D7} = {7A01D1BB-A0C1-330D-A4A5-D765E82638D7}
	EndProjectSection
EndProject
Project("{8BC9CEB8-8B4A-11D0-8D11-00A0C91BC942}") = "win-dshow", "..\plugins\win-dshow\win-dshow.vcxproj", "{BFA025BF-6AEC-3C2C-82AD-0019FF99AD00}"
	ProjectSection(ProjectDependencies) = postProject
		{2E77904B-BCEF-3648-9EDD-D9CB1E0D9E37} = {2E77904B-BCEF-3648-9EDD-D9CB1E0D9E37}
	EndProjectSection
EndProject
Project("{8BC9CEB8-8B4A-11D0-8D11-00A0C91BC942}") = "win-mf", "..\plugins\win-mf\win-mf.vcxproj", "{E509B7E5-97EA-3B7F-8884-47A3FB7C9828}"
	ProjectSection(ProjectDependencies) = postProject
		{2E77904B-BCEF-3648-9EDD-D9CB1E0D9E37} = {2E77904B-BCEF-3648-9EDD-D9CB1E0D9E37}
	EndProjectSection
EndProject
Project("{8BC9CEB8-8B4A-11D0-8D11-00A0C91BC942}") = "win-wasapi", "..\plugins\win-wasapi\win-wasapi.vcxproj", "{7AA1811D-4E96-3009-8D25-B6BABCDDAB9E}"
	ProjectSection(ProjectDependencies) = postProject
		{2E77904B-BCEF-3648-9EDD-D9CB1E0D9E37} = {2E77904B-BCEF-3648-9EDD-D9CB1E0D9E37}
	EndProjectSection
EndProject
Project("{8BC9CEB8-8B4A-11D0-8D11-00A0C91BC942}") = "libobs-d3d11", "..\libobs-d3d11\libobs-d3d11.vcxproj", "{33D3DF3E-5132-34ED-81E9-6E5B5DC6114C}"
	ProjectSection(ProjectDependencies) = postProject
		{2E77904B-BCEF-3648-9EDD-D9CB1E0D9E37} = {2E77904B-BCEF-3648-9EDD-D9CB1E0D9E37}
	EndProjectSection
EndProject
Project("{8BC9CEB8-8B4A-11D0-8D11-00A0C91BC942}") = "libobs-opengl", "..\libobs-opengl\libobs-opengl.vcxproj", "{022A1760-5391-3DA9-8708-0CDE0BA8771E}"
	ProjectSection(ProjectDependencies) = postProject
		{2E77904B-BCEF-3648-9EDD-D9CB1E0D9E37} = {2E77904B-BCEF-3648-9EDD-D9CB1E0D9E37}
		{C48C27FD-D45C-369A-99B3-9EC9AB0EFCEA} = {C48C27FD-D45C-369A-99B3-9EC9AB0EFCEA}
	EndProjectSection
EndProject
Project("{2150E333-8FDC-42A3-9474-1A3956D46DE8}") = "(libobs)", "(libobs)", "{15CB9324-2C76-446A-B4EA-1DF6299036BC}"
EndProject
Project("{8BC9CEB8-8B4A-11D0-8D11-00A0C91BC942}") = "biliobs", "biliobs.vcxproj", "{B12702AD-ABFB-343A-A199-8E24837244A3}"
	ProjectSection(ProjectDependencies) = postProject
		{7AA1811D-4E96-3009-8D25-B6BABCDDAB9E} = {7AA1811D-4E96-3009-8D25-B6BABCDDAB9E}
		{568D1F28-9B5C-37CF-AAA0-B54D574AFA4A} = {568D1F28-9B5C-37CF-AAA0-B54D574AFA4A}
		{33D3DF3E-5132-34ED-81E9-6E5B5DC6114C} = {33D3DF3E-5132-34ED-81E9-6E5B5DC6114C}
		{2E77904B-BCEF-3648-9EDD-D9CB1E0D9E37} = {2E77904B-BCEF-3648-9EDD-D9CB1E0D9E37}
		{FC9EA94D-A93B-35A6-96CA-DF6374AE72D8} = {FC9EA94D-A93B-35A6-96CA-DF6374AE72D8}
		{A5C4ED53-A27B-3CE5-8C62-2E8D225B0D75} = {A5C4ED53-A27B-3CE5-8C62-2E8D225B0D75}
		{59B0205C-EFAF-3AF1-BD0A-A6891646B908} = {59B0205C-EFAF-3AF1-BD0A-A6891646B908}
		{69E03E5C-2918-4B4E-ACE6-7AA321FB44BE} = {69E03E5C-2918-4B4E-ACE6-7AA321FB44BE}
		{595CB95C-9595-3085-8EA6-6984ADE715EE} = {595CB95C-9595-3085-8EA6-6984ADE715EE}
		{022A1760-5391-3DA9-8708-0CDE0BA8771E} = {022A1760-5391-3DA9-8708-0CDE0BA8771E}
		{C99ED868-C44E-3CA6-8E36-93F475DF9E00} = {C99ED868-C44E-3CA6-8E36-93F475DF9E00}
		{9D8D78B5-1F33-3995-AD4E-6D911EB9AB60} = {9D8D78B5-1F33-3995-AD4E-6D911EB9AB60}
		{BFA025BF-6AEC-3C2C-82AD-0019FF99AD00} = {BFA025BF-6AEC-3C2C-82AD-0019FF99AD00}
		{51456AC5-B968-35FD-89EE-C7F970172D0F} = {51456AC5-B968-35FD-89EE-C7F970172D0F}
		{039236D2-8516-34EA-819B-972695F8C9D3} = {039236D2-8516-34EA-819B-972695F8C9D3}
		{B5810ED8-6B78-372C-8219-E69F2930D198} = {B5810ED8-6B78-372C-8219-E69F2930D198}
		{72F1C1D8-F7C2-3BD2-966F-45C2FDC897F7} = {72F1C1D8-F7C2-3BD2-966F-45C2FDC897F7}
		{E509B7E5-97EA-3B7F-8884-47A3FB7C9828} = {E509B7E5-97EA-3B7F-8884-47A3FB7C9828}
	EndProjectSection
EndProject
Project("{8BC9CEB8-8B4A-11D0-8D11-00A0C91BC942}") = "base", "..\base\base.vcxproj", "{69E03E5C-2918-4B4E-ACE6-7AA321FB44BE}"
EndProject
Project("{2150E333-8FDC-42A3-9474-1A3956D46DE8}") = "(obs-ffmpeg)", "(obs-ffmpeg)", "{2E33DD6F-0973-4CA9-86AB-CE235C507A35}"
EndProject
Project("{8BC9CEB8-8B4A-11D0-8D11-00A0C91BC942}") = "ffmpeg-mux", "..\plugins\obs-ffmpeg\ffmpeg-mux\ffmpeg-mux.vcxproj", "{7451CD86-ADB7-3AC0-B19C-4BC1F6EAB04E}"
EndProject
Project("{2150E333-8FDC-42A3-9474-1A3956D46DE8}") = "(win-capture)", "(win-capture)", "{0A9E67E3-42D9-4933-BFB7-629CE2C35A77}"
EndProject
Project("{8BC9CEB8-8B4A-11D0-8D11-00A0C91BC942}") = "get-graphics-offsets32", "..\plugins\win-capture\get-graphics-offsets\get-graphics-offsets.vcxproj", "{7A01D1BB-A0C1-330D-A4A5-D765E82638D7}"
EndProject
Project("{8BC9CEB8-8B4A-11D0-8D11-00A0C91BC942}") = "graphics-hook32", "..\plugins\win-capture\graphics-hook\graphics-hook.vcxproj", "{7913E51C-3275-304A-9F79-4617A7B7F7FB}"
	ProjectSection(ProjectDependencies) = postProject
		{80AA0E75-073C-3786-9B5B-7C53C2541BE5} = {80AA0E75-073C-3786-9B5B-7C53C2541BE5}
	EndProjectSection
EndProject
Project("{8BC9CEB8-8B4A-11D0-8D11-00A0C91BC942}") = "inject-helper32", "..\plugins\win-capture\inject-helper\inject-helper.vcxproj", "{BEFF6654-2499-3F8C-8646-1D3E8173C05D}"
EndProject
Project("{8BC9CEB8-8B4A-11D0-8D11-00A0C91BC942}") = "win-decklink", "..\plugins\decklink\win\win-decklink.vcxproj", "{595CB95C-9595-3085-8EA6-6984ADE715EE}"
	ProjectSection(ProjectDependencies) = postProject
		{2E77904B-BCEF-3648-9EDD-D9CB1E0D9E37} = {2E77904B-BCEF-3648-9EDD-D9CB1E0D9E37}
	EndProjectSection
EndProject
Project("{8BC9CEB8-8B4A-11D0-8D11-00A0C91BC942}") = "get-graphics-offsets64", "..\plugins\win-capture\get-graphics-offsets\get-graphics-offsets-64.vcxproj", "{96B258A0-391E-4D4C-97F4-10A1D4FDF22B}"
EndProject
Project("{8BC9CEB8-8B4A-11D0-8D11-00A0C91BC942}") = "graphics-hook64", "..\plugins\win-capture\graphics-hook\graphics-hook-64.vcxproj", "{C84D433D-C3C8-48F6-A68B-83130CF4C1C7}"
	ProjectSection(ProjectDependencies) = postProject
		{3195F1EF-8477-4C29-8796-58B3433514A5} = {3195F1EF-8477-4C29-8796-58B3433514A5}
	EndProjectSection
EndProject
Project("{8BC9CEB8-8B4A-11D0-8D11-00A0C91BC942}") = "inject-helper64", "..\plugins\win-capture\inject-helper\inject-helper-64.vcxproj", "{39CC3F13-E6B5-4FF0-9E58-A9DE5A01D656}"
EndProject
Project("{8BC9CEB8-8B4A-11D0-8D11-00A0C91BC942}") = "ipc-util-64", "..\third_party\ipc-util\ipc-util-64.vcxproj", "{3195F1EF-8477-4C29-8796-58B3433514A5}"
EndProject
Project("{8BC9CEB8-8B4A-11D0-8D11-00A0C91BC942}") = "game-list-filter-32", "..\plugins\win-capture\game-list-filter\game-list-filter.vcxproj", "{BEA0D508-6BDB-431F-90B4-23A2969AD848}"
EndProject
Project("{8BC9CEB8-8B4A-11D0-8D11-00A0C91BC942}") = "game-list-filter-64", "..\plugins\win-capture\game-list-filter\game-list-filter-64.vcxproj", "{B962AB07-EC01-4402-82BE-47C8244C72CB}"
EndProject
Global
	GlobalSection(SolutionConfigurationPlatforms) = preSolution
		Debug|Mixed Platforms = Debug|Mixed Platforms
		Debug|Win32 = Debug|Win32
		Release|Mixed Platforms = Release|Mixed Platforms
		Release|Win32 = Release|Win32
	EndGlobalSection
	GlobalSection(ProjectConfigurationPlatforms) = postSolution
		{0FCD8437-BE25-351A-9F27-361A43DF55F3}.Debug|Mixed Platforms.ActiveCfg = Debug|Win32
		{0FCD8437-BE25-351A-9F27-361A43DF55F3}.Debug|Mixed Platforms.Build.0 = Debug|Win32
		{0FCD8437-BE25-351A-9F27-361A43DF55F3}.Debug|Win32.ActiveCfg = Debug|Win32
		{0FCD8437-BE25-351A-9F27-361A43DF55F3}.Debug|Win32.Build.0 = Debug|Win32
		{0FCD8437-BE25-351A-9F27-361A43DF55F3}.Release|Mixed Platforms.ActiveCfg = Release|Win32
		{0FCD8437-BE25-351A-9F27-361A43DF55F3}.Release|Mixed Platforms.Build.0 = Release|Win32
		{0FCD8437-BE25-351A-9F27-361A43DF55F3}.Release|Win32.ActiveCfg = Release|Win32
		{0FCD8437-BE25-351A-9F27-361A43DF55F3}.Release|Win32.Build.0 = Release|Win32
		{2E77904B-BCEF-3648-9EDD-D9CB1E0D9E37}.Debug|Mixed Platforms.ActiveCfg = Debug|Win32
		{2E77904B-BCEF-3648-9EDD-D9CB1E0D9E37}.Debug|Mixed Platforms.Build.0 = Debug|Win32
		{2E77904B-BCEF-3648-9EDD-D9CB1E0D9E37}.Debug|Win32.ActiveCfg = Debug|Win32
		{2E77904B-BCEF-3648-9EDD-D9CB1E0D9E37}.Debug|Win32.Build.0 = Debug|Win32
		{2E77904B-BCEF-3648-9EDD-D9CB1E0D9E37}.Release|Mixed Platforms.ActiveCfg = Release|Win32
		{2E77904B-BCEF-3648-9EDD-D9CB1E0D9E37}.Release|Mixed Platforms.Build.0 = Release|Win32
		{2E77904B-BCEF-3648-9EDD-D9CB1E0D9E37}.Release|Win32.ActiveCfg = Release|Win32
		{2E77904B-BCEF-3648-9EDD-D9CB1E0D9E37}.Release|Win32.Build.0 = Release|Win32
		{B5810ED8-6B78-372C-8219-E69F2930D198}.Debug|Mixed Platforms.ActiveCfg = Debug|Win32
		{B5810ED8-6B78-372C-8219-E69F2930D198}.Debug|Mixed Platforms.Build.0 = Debug|Win32
		{B5810ED8-6B78-372C-8219-E69F2930D198}.Debug|Win32.ActiveCfg = Debug|Win32
		{B5810ED8-6B78-372C-8219-E69F2930D198}.Debug|Win32.Build.0 = Debug|Win32
		{B5810ED8-6B78-372C-8219-E69F2930D198}.Release|Mixed Platforms.ActiveCfg = Release|Win32
		{B5810ED8-6B78-372C-8219-E69F2930D198}.Release|Mixed Platforms.Build.0 = Release|Win32
		{B5810ED8-6B78-372C-8219-E69F2930D198}.Release|Win32.ActiveCfg = Release|Win32
		{B5810ED8-6B78-372C-8219-E69F2930D198}.Release|Win32.Build.0 = Release|Win32
		{41152D95-C2A4-3E39-A77C-4F85567A5E59}.Debug|Mixed Platforms.ActiveCfg = Debug|Win32
		{41152D95-C2A4-3E39-A77C-4F85567A5E59}.Debug|Mixed Platforms.Build.0 = Debug|Win32
		{41152D95-C2A4-3E39-A77C-4F85567A5E59}.Debug|Win32.ActiveCfg = Debug|Win32
		{41152D95-C2A4-3E39-A77C-4F85567A5E59}.Debug|Win32.Build.0 = Debug|Win32
		{41152D95-C2A4-3E39-A77C-4F85567A5E59}.Release|Mixed Platforms.ActiveCfg = Release|Win32
		{41152D95-C2A4-3E39-A77C-4F85567A5E59}.Release|Mixed Platforms.Build.0 = Release|Win32
		{41152D95-C2A4-3E39-A77C-4F85567A5E59}.Release|Win32.ActiveCfg = Release|Win32
		{41152D95-C2A4-3E39-A77C-4F85567A5E59}.Release|Win32.Build.0 = Release|Win32
		{78B079BD-9FC7-4B9E-B4A6-96DA0F00248B}.Debug|Mixed Platforms.ActiveCfg = Debug|Win32
		{78B079BD-9FC7-4B9E-B4A6-96DA0F00248B}.Debug|Mixed Platforms.Build.0 = Debug|Win32
		{78B079BD-9FC7-4B9E-B4A6-96DA0F00248B}.Debug|Win32.ActiveCfg = Debug|Win32
		{78B079BD-9FC7-4B9E-B4A6-96DA0F00248B}.Debug|Win32.Build.0 = Debug|Win32
		{78B079BD-9FC7-4B9E-B4A6-96DA0F00248B}.Release|Mixed Platforms.ActiveCfg = Release|Win32
		{78B079BD-9FC7-4B9E-B4A6-96DA0F00248B}.Release|Mixed Platforms.Build.0 = Release|Win32
		{78B079BD-9FC7-4B9E-B4A6-96DA0F00248B}.Release|Win32.ActiveCfg = Release|Win32
		{78B079BD-9FC7-4B9E-B4A6-96DA0F00248B}.Release|Win32.Build.0 = Release|Win32
		{C48C27FD-D45C-369A-99B3-9EC9AB0EFCEA}.Debug|Mixed Platforms.ActiveCfg = Debug|Win32
		{C48C27FD-D45C-369A-99B3-9EC9AB0EFCEA}.Debug|Mixed Platforms.Build.0 = Debug|Win32
		{C48C27FD-D45C-369A-99B3-9EC9AB0EFCEA}.Debug|Win32.ActiveCfg = Debug|Win32
		{C48C27FD-D45C-369A-99B3-9EC9AB0EFCEA}.Debug|Win32.Build.0 = Debug|Win32
		{C48C27FD-D45C-369A-99B3-9EC9AB0EFCEA}.Release|Mixed Platforms.ActiveCfg = Release|Win32
		{C48C27FD-D45C-369A-99B3-9EC9AB0EFCEA}.Release|Mixed Platforms.Build.0 = Release|Win32
		{C48C27FD-D45C-369A-99B3-9EC9AB0EFCEA}.Release|Win32.ActiveCfg = Release|Win32
		{C48C27FD-D45C-369A-99B3-9EC9AB0EFCEA}.Release|Win32.Build.0 = Release|Win32
		{80AA0E75-073C-3786-9B5B-7C53C2541BE5}.Debug|Mixed Platforms.ActiveCfg = Debug|Win32
		{80AA0E75-073C-3786-9B5B-7C53C2541BE5}.Debug|Mixed Platforms.Build.0 = Debug|Win32
		{80AA0E75-073C-3786-9B5B-7C53C2541BE5}.Debug|Win32.ActiveCfg = Debug|Win32
		{80AA0E75-073C-3786-9B5B-7C53C2541BE5}.Debug|Win32.Build.0 = Debug|Win32
		{80AA0E75-073C-3786-9B5B-7C53C2541BE5}.Release|Mixed Platforms.ActiveCfg = Release|Win32
		{80AA0E75-073C-3786-9B5B-7C53C2541BE5}.Release|Mixed Platforms.Build.0 = Release|Win32
		{80AA0E75-073C-3786-9B5B-7C53C2541BE5}.Release|Win32.ActiveCfg = Release|Win32
		{80AA0E75-073C-3786-9B5B-7C53C2541BE5}.Release|Win32.Build.0 = Release|Win32
		{DB4C1A50-D771-3EEE-88E2-756B4FCBDD03}.Debug|Mixed Platforms.ActiveCfg = Debug|Win32
		{DB4C1A50-D771-3EEE-88E2-756B4FCBDD03}.Debug|Mixed Platforms.Build.0 = Debug|Win32
		{DB4C1A50-D771-3EEE-88E2-756B4FCBDD03}.Debug|Win32.ActiveCfg = Debug|Win32
		{DB4C1A50-D771-3EEE-88E2-756B4FCBDD03}.Debug|Win32.Build.0 = Debug|Win32
		{DB4C1A50-D771-3EEE-88E2-756B4FCBDD03}.Release|Mixed Platforms.ActiveCfg = Release|Win32
		{DB4C1A50-D771-3EEE-88E2-756B4FCBDD03}.Release|Mixed Platforms.Build.0 = Release|Win32
		{DB4C1A50-D771-3EEE-88E2-756B4FCBDD03}.Release|Win32.ActiveCfg = Release|Win32
		{DB4C1A50-D771-3EEE-88E2-756B4FCBDD03}.Release|Win32.Build.0 = Release|Win32
		{4F1DBA7C-F890-4789-2BE9-1621AF1FF1EC}.Debug|Mixed Platforms.ActiveCfg = Debug|Win32
		{4F1DBA7C-F890-4789-2BE9-1621AF1FF1EC}.Debug|Mixed Platforms.Build.0 = Debug|Win32
		{4F1DBA7C-F890-4789-2BE9-1621AF1FF1EC}.Debug|Win32.ActiveCfg = Debug|Win32
		{4F1DBA7C-F890-4789-2BE9-1621AF1FF1EC}.Debug|Win32.Build.0 = Debug|Win32
		{4F1DBA7C-F890-4789-2BE9-1621AF1FF1EC}.Release|Mixed Platforms.ActiveCfg = Release|Win32
		{4F1DBA7C-F890-4789-2BE9-1621AF1FF1EC}.Release|Mixed Platforms.Build.0 = Release|Win32
		{4F1DBA7C-F890-4789-2BE9-1621AF1FF1EC}.Release|Win32.ActiveCfg = Release|Win32
		{4F1DBA7C-F890-4789-2BE9-1621AF1FF1EC}.Release|Win32.Build.0 = Release|Win32
		{A5C4ED53-A27B-3CE5-8C62-2E8D225B0D75}.Debug|Mixed Platforms.ActiveCfg = Debug|Win32
		{A5C4ED53-A27B-3CE5-8C62-2E8D225B0D75}.Debug|Mixed Platforms.Build.0 = Debug|Win32
		{A5C4ED53-A27B-3CE5-8C62-2E8D225B0D75}.Debug|Win32.ActiveCfg = Debug|Win32
		{A5C4ED53-A27B-3CE5-8C62-2E8D225B0D75}.Debug|Win32.Build.0 = Debug|Win32
		{A5C4ED53-A27B-3CE5-8C62-2E8D225B0D75}.Release|Mixed Platforms.ActiveCfg = Release|Win32
		{A5C4ED53-A27B-3CE5-8C62-2E8D225B0D75}.Release|Mixed Platforms.Build.0 = Release|Win32
		{A5C4ED53-A27B-3CE5-8C62-2E8D225B0D75}.Release|Win32.ActiveCfg = Release|Win32
		{A5C4ED53-A27B-3CE5-8C62-2E8D225B0D75}.Release|Win32.Build.0 = Release|Win32
		{72F1C1D8-F7C2-3BD2-966F-45C2FDC897F7}.Debug|Mixed Platforms.ActiveCfg = Debug|Win32
		{72F1C1D8-F7C2-3BD2-966F-45C2FDC897F7}.Debug|Mixed Platforms.Build.0 = Debug|Win32
		{72F1C1D8-F7C2-3BD2-966F-45C2FDC897F7}.Debug|Win32.ActiveCfg = Debug|Win32
		{72F1C1D8-F7C2-3BD2-966F-45C2FDC897F7}.Debug|Win32.Build.0 = Debug|Win32
		{72F1C1D8-F7C2-3BD2-966F-45C2FDC897F7}.Release|Mixed Platforms.ActiveCfg = Release|Win32
		{72F1C1D8-F7C2-3BD2-966F-45C2FDC897F7}.Release|Mixed Platforms.Build.0 = Release|Win32
		{72F1C1D8-F7C2-3BD2-966F-45C2FDC897F7}.Release|Win32.ActiveCfg = Release|Win32
		{72F1C1D8-F7C2-3BD2-966F-45C2FDC897F7}.Release|Win32.Build.0 = Release|Win32
		{59B0205C-EFAF-3AF1-BD0A-A6891646B908}.Debug|Mixed Platforms.ActiveCfg = Debug|Win32
		{59B0205C-EFAF-3AF1-BD0A-A6891646B908}.Debug|Mixed Platforms.Build.0 = Debug|Win32
		{59B0205C-EFAF-3AF1-BD0A-A6891646B908}.Debug|Win32.ActiveCfg = Debug|Win32
		{59B0205C-EFAF-3AF1-BD0A-A6891646B908}.Debug|Win32.Build.0 = Debug|Win32
		{59B0205C-EFAF-3AF1-BD0A-A6891646B908}.Release|Mixed Platforms.ActiveCfg = Release|Win32
		{59B0205C-EFAF-3AF1-BD0A-A6891646B908}.Release|Mixed Platforms.Build.0 = Release|Win32
		{59B0205C-EFAF-3AF1-BD0A-A6891646B908}.Release|Win32.ActiveCfg = Release|Win32
		{59B0205C-EFAF-3AF1-BD0A-A6891646B908}.Release|Win32.Build.0 = Release|Win32
		{039236D2-8516-34EA-819B-972695F8C9D3}.Debug|Mixed Platforms.ActiveCfg = Debug|Win32
		{039236D2-8516-34EA-819B-972695F8C9D3}.Debug|Mixed Platforms.Build.0 = Debug|Win32
		{039236D2-8516-34EA-819B-972695F8C9D3}.Debug|Win32.ActiveCfg = Debug|Win32
		{039236D2-8516-34EA-819B-972695F8C9D3}.Debug|Win32.Build.0 = Debug|Win32
		{039236D2-8516-34EA-819B-972695F8C9D3}.Release|Mixed Platforms.ActiveCfg = Release|Win32
		{039236D2-8516-34EA-819B-972695F8C9D3}.Release|Mixed Platforms.Build.0 = Release|Win32
		{039236D2-8516-34EA-819B-972695F8C9D3}.Release|Win32.ActiveCfg = Release|Win32
		{039236D2-8516-34EA-819B-972695F8C9D3}.Release|Win32.Build.0 = Release|Win32
		{9D8D78B5-1F33-3995-AD4E-6D911EB9AB60}.Debug|Mixed Platforms.ActiveCfg = Debug|Win32
		{9D8D78B5-1F33-3995-AD4E-6D911EB9AB60}.Debug|Mixed Platforms.Build.0 = Debug|Win32
		{9D8D78B5-1F33-3995-AD4E-6D911EB9AB60}.Debug|Win32.ActiveCfg = Debug|Win32
		{9D8D78B5-1F33-3995-AD4E-6D911EB9AB60}.Debug|Win32.Build.0 = Debug|Win32
		{9D8D78B5-1F33-3995-AD4E-6D911EB9AB60}.Release|Mixed Platforms.ActiveCfg = Release|Win32
		{9D8D78B5-1F33-3995-AD4E-6D911EB9AB60}.Release|Mixed Platforms.Build.0 = Release|Win32
		{9D8D78B5-1F33-3995-AD4E-6D911EB9AB60}.Release|Win32.ActiveCfg = Release|Win32
		{9D8D78B5-1F33-3995-AD4E-6D911EB9AB60}.Release|Win32.Build.0 = Release|Win32
		{568D1F28-9B5C-37CF-AAA0-B54D574AFA4A}.Debug|Mixed Platforms.ActiveCfg = Debug|Win32
		{568D1F28-9B5C-37CF-AAA0-B54D574AFA4A}.Debug|Mixed Platforms.Build.0 = Debug|Win32
		{568D1F28-9B5C-37CF-AAA0-B54D574AFA4A}.Debug|Win32.ActiveCfg = Debug|Win32
		{568D1F28-9B5C-37CF-AAA0-B54D574AFA4A}.Debug|Win32.Build.0 = Debug|Win32
		{568D1F28-9B5C-37CF-AAA0-B54D574AFA4A}.Release|Mixed Platforms.ActiveCfg = Release|Win32
		{568D1F28-9B5C-37CF-AAA0-B54D574AFA4A}.Release|Mixed Platforms.Build.0 = Release|Win32
		{568D1F28-9B5C-37CF-AAA0-B54D574AFA4A}.Release|Win32.ActiveCfg = Release|Win32
		{568D1F28-9B5C-37CF-AAA0-B54D574AFA4A}.Release|Win32.Build.0 = Release|Win32
		{C99ED868-C44E-3CA6-8E36-93F475DF9E00}.Debug|Mixed Platforms.ActiveCfg = Debug|Win32
		{C99ED868-C44E-3CA6-8E36-93F475DF9E00}.Debug|Mixed Platforms.Build.0 = Debug|Win32
		{C99ED868-C44E-3CA6-8E36-93F475DF9E00}.Debug|Win32.ActiveCfg = Debug|Win32
		{C99ED868-C44E-3CA6-8E36-93F475DF9E00}.Debug|Win32.Build.0 = Debug|Win32
		{C99ED868-C44E-3CA6-8E36-93F475DF9E00}.Release|Mixed Platforms.ActiveCfg = Release|Win32
		{C99ED868-C44E-3CA6-8E36-93F475DF9E00}.Release|Mixed Platforms.Build.0 = Release|Win32
		{C99ED868-C44E-3CA6-8E36-93F475DF9E00}.Release|Win32.ActiveCfg = Release|Win32
		{C99ED868-C44E-3CA6-8E36-93F475DF9E00}.Release|Win32.Build.0 = Release|Win32
		{FC9EA94D-A93B-35A6-96CA-DF6374AE72D8}.Debug|Mixed Platforms.ActiveCfg = Debug|Win32
		{FC9EA94D-A93B-35A6-96CA-DF6374AE72D8}.Debug|Mixed Platforms.Build.0 = Debug|Win32
		{FC9EA94D-A93B-35A6-96CA-DF6374AE72D8}.Debug|Win32.ActiveCfg = Debug|Win32
		{FC9EA94D-A93B-35A6-96CA-DF6374AE72D8}.Debug|Win32.Build.0 = Debug|Win32
		{FC9EA94D-A93B-35A6-96CA-DF6374AE72D8}.Release|Mixed Platforms.ActiveCfg = Release|Win32
		{FC9EA94D-A93B-35A6-96CA-DF6374AE72D8}.Release|Mixed Platforms.Build.0 = Release|Win32
		{FC9EA94D-A93B-35A6-96CA-DF6374AE72D8}.Release|Win32.ActiveCfg = Release|Win32
		{FC9EA94D-A93B-35A6-96CA-DF6374AE72D8}.Release|Win32.Build.0 = Release|Win32
		{51456AC5-B968-35FD-89EE-C7F970172D0F}.Debug|Mixed Platforms.ActiveCfg = Debug|Win32
		{51456AC5-B968-35FD-89EE-C7F970172D0F}.Debug|Mixed Platforms.Build.0 = Debug|Win32
		{51456AC5-B968-35FD-89EE-C7F970172D0F}.Debug|Win32.ActiveCfg = Debug|Win32
		{51456AC5-B968-35FD-89EE-C7F970172D0F}.Debug|Win32.Build.0 = Debug|Win32
		{51456AC5-B968-35FD-89EE-C7F970172D0F}.Release|Mixed Platforms.ActiveCfg = Release|Win32
		{51456AC5-B968-35FD-89EE-C7F970172D0F}.Release|Mixed Platforms.Build.0 = Release|Win32
		{51456AC5-B968-35FD-89EE-C7F970172D0F}.Release|Win32.ActiveCfg = Release|Win32
		{51456AC5-B968-35FD-89EE-C7F970172D0F}.Release|Win32.Build.0 = Release|Win32
		{BFA025BF-6AEC-3C2C-82AD-0019FF99AD00}.Debug|Mixed Platforms.ActiveCfg = Debug|Win32
		{BFA025BF-6AEC-3C2C-82AD-0019FF99AD00}.Debug|Mixed Platforms.Build.0 = Debug|Win32
		{BFA025BF-6AEC-3C2C-82AD-0019FF99AD00}.Debug|Win32.ActiveCfg = Debug|Win32
		{BFA025BF-6AEC-3C2C-82AD-0019FF99AD00}.Debug|Win32.Build.0 = Debug|Win32
		{BFA025BF-6AEC-3C2C-82AD-0019FF99AD00}.Release|Mixed Platforms.ActiveCfg = Release|Win32
		{BFA025BF-6AEC-3C2C-82AD-0019FF99AD00}.Release|Mixed Platforms.Build.0 = Release|Win32
		{BFA025BF-6AEC-3C2C-82AD-0019FF99AD00}.Release|Win32.ActiveCfg = Release|Win32
		{BFA025BF-6AEC-3C2C-82AD-0019FF99AD00}.Release|Win32.Build.0 = Release|Win32
		{E509B7E5-97EA-3B7F-8884-47A3FB7C9828}.Debug|Mixed Platforms.ActiveCfg = Debug|Win32
		{E509B7E5-97EA-3B7F-8884-47A3FB7C9828}.Debug|Mixed Platforms.Build.0 = Debug|Win32
		{E509B7E5-97EA-3B7F-8884-47A3FB7C9828}.Debug|Win32.ActiveCfg = Debug|Win32
		{E509B7E5-97EA-3B7F-8884-47A3FB7C9828}.Debug|Win32.Build.0 = Debug|Win32
		{E509B7E5-97EA-3B7F-8884-47A3FB7C9828}.Release|Mixed Platforms.ActiveCfg = Release|Win32
		{E509B7E5-97EA-3B7F-8884-47A3FB7C9828}.Release|Mixed Platforms.Build.0 = Release|Win32
		{E509B7E5-97EA-3B7F-8884-47A3FB7C9828}.Release|Win32.ActiveCfg = Release|Win32
		{E509B7E5-97EA-3B7F-8884-47A3FB7C9828}.Release|Win32.Build.0 = Release|Win32
		{7AA1811D-4E96-3009-8D25-B6BABCDDAB9E}.Debug|Mixed Platforms.ActiveCfg = Debug|Win32
		{7AA1811D-4E96-3009-8D25-B6BABCDDAB9E}.Debug|Mixed Platforms.Build.0 = Debug|Win32
		{7AA1811D-4E96-3009-8D25-B6BABCDDAB9E}.Debug|Win32.ActiveCfg = Debug|Win32
		{7AA1811D-4E96-3009-8D25-B6BABCDDAB9E}.Debug|Win32.Build.0 = Debug|Win32
		{7AA1811D-4E96-3009-8D25-B6BABCDDAB9E}.Release|Mixed Platforms.ActiveCfg = Release|Win32
		{7AA1811D-4E96-3009-8D25-B6BABCDDAB9E}.Release|Mixed Platforms.Build.0 = Release|Win32
		{7AA1811D-4E96-3009-8D25-B6BABCDDAB9E}.Release|Win32.ActiveCfg = Release|Win32
		{7AA1811D-4E96-3009-8D25-B6BABCDDAB9E}.Release|Win32.Build.0 = Release|Win32
		{33D3DF3E-5132-34ED-81E9-6E5B5DC6114C}.Debug|Mixed Platforms.ActiveCfg = Debug|Win32
		{33D3DF3E-5132-34ED-81E9-6E5B5DC6114C}.Debug|Mixed Platforms.Build.0 = Debug|Win32
		{33D3DF3E-5132-34ED-81E9-6E5B5DC6114C}.Debug|Win32.ActiveCfg = Debug|Win32
		{33D3DF3E-5132-34ED-81E9-6E5B5DC6114C}.Debug|Win32.Build.0 = Debug|Win32
		{33D3DF3E-5132-34ED-81E9-6E5B5DC6114C}.Release|Mixed Platforms.ActiveCfg = Release|Win32
		{33D3DF3E-5132-34ED-81E9-6E5B5DC6114C}.Release|Mixed Platforms.Build.0 = Release|Win32
		{33D3DF3E-5132-34ED-81E9-6E5B5DC6114C}.Release|Win32.ActiveCfg = Release|Win32
		{33D3DF3E-5132-34ED-81E9-6E5B5DC6114C}.Release|Win32.Build.0 = Release|Win32
		{022A1760-5391-3DA9-8708-0CDE0BA8771E}.Debug|Mixed Platforms.ActiveCfg = Debug|Win32
		{022A1760-5391-3DA9-8708-0CDE0BA8771E}.Debug|Mixed Platforms.Build.0 = Debug|Win32
		{022A1760-5391-3DA9-8708-0CDE0BA8771E}.Debug|Win32.ActiveCfg = Debug|Win32
		{022A1760-5391-3DA9-8708-0CDE0BA8771E}.Debug|Win32.Build.0 = Debug|Win32
		{022A1760-5391-3DA9-8708-0CDE0BA8771E}.Release|Mixed Platforms.ActiveCfg = Release|Win32
		{022A1760-5391-3DA9-8708-0CDE0BA8771E}.Release|Mixed Platforms.Build.0 = Release|Win32
		{022A1760-5391-3DA9-8708-0CDE0BA8771E}.Release|Win32.ActiveCfg = Release|Win32
		{022A1760-5391-3DA9-8708-0CDE0BA8771E}.Release|Win32.Build.0 = Release|Win32
		{B12702AD-ABFB-343A-A199-8E24837244A3}.Debug|Mixed Platforms.ActiveCfg = Debug|Win32
		{B12702AD-ABFB-343A-A199-8E24837244A3}.Debug|Mixed Platforms.Build.0 = Debug|Win32
		{B12702AD-ABFB-343A-A199-8E24837244A3}.Debug|Win32.ActiveCfg = Debug|Win32
		{B12702AD-ABFB-343A-A199-8E24837244A3}.Debug|Win32.Build.0 = Debug|Win32
		{B12702AD-ABFB-343A-A199-8E24837244A3}.Release|Mixed Platforms.ActiveCfg = Release|Win32
		{B12702AD-ABFB-343A-A199-8E24837244A3}.Release|Mixed Platforms.Build.0 = Release|Win32
		{B12702AD-ABFB-343A-A199-8E24837244A3}.Release|Win32.ActiveCfg = Release|Win32
		{B12702AD-ABFB-343A-A199-8E24837244A3}.Release|Win32.Build.0 = Release|Win32
		{69E03E5C-2918-4B4E-ACE6-7AA321FB44BE}.Debug|Mixed Platforms.ActiveCfg = Debug|Win32
		{69E03E5C-2918-4B4E-ACE6-7AA321FB44BE}.Debug|Mixed Platforms.Build.0 = Debug|Win32
		{69E03E5C-2918-4B4E-ACE6-7AA321FB44BE}.Debug|Win32.ActiveCfg = Debug|Win32
		{69E03E5C-2918-4B4E-ACE6-7AA321FB44BE}.Debug|Win32.Build.0 = Debug|Win32
		{69E03E5C-2918-4B4E-ACE6-7AA321FB44BE}.Release|Mixed Platforms.ActiveCfg = Release|Win32
		{69E03E5C-2918-4B4E-ACE6-7AA321FB44BE}.Release|Mixed Platforms.Build.0 = Release|Win32
		{69E03E5C-2918-4B4E-ACE6-7AA321FB44BE}.Release|Win32.ActiveCfg = Release|Win32
		{69E03E5C-2918-4B4E-ACE6-7AA321FB44BE}.Release|Win32.Build.0 = Release|Win32
		{7451CD86-ADB7-3AC0-B19C-4BC1F6EAB04E}.Debug|Mixed Platforms.ActiveCfg = Debug|Win32
		{7451CD86-ADB7-3AC0-B19C-4BC1F6EAB04E}.Debug|Mixed Platforms.Build.0 = Debug|Win32
		{7451CD86-ADB7-3AC0-B19C-4BC1F6EAB04E}.Debug|Win32.ActiveCfg = Debug|Win32
		{7451CD86-ADB7-3AC0-B19C-4BC1F6EAB04E}.Debug|Win32.Build.0 = Debug|Win32
		{7451CD86-ADB7-3AC0-B19C-4BC1F6EAB04E}.Release|Mixed Platforms.ActiveCfg = Release|Win32
		{7451CD86-ADB7-3AC0-B19C-4BC1F6EAB04E}.Release|Mixed Platforms.Build.0 = Release|Win32
		{7451CD86-ADB7-3AC0-B19C-4BC1F6EAB04E}.Release|Win32.ActiveCfg = Release|Win32
		{7451CD86-ADB7-3AC0-B19C-4BC1F6EAB04E}.Release|Win32.Build.0 = Release|Win32
		{7A01D1BB-A0C1-330D-A4A5-D765E82638D7}.Debug|Mixed Platforms.ActiveCfg = Debug|Win32
		{7A01D1BB-A0C1-330D-A4A5-D765E82638D7}.Debug|Mixed Platforms.Build.0 = Debug|Win32
		{7A01D1BB-A0C1-330D-A4A5-D765E82638D7}.Debug|Win32.ActiveCfg = Debug|Win32
		{7A01D1BB-A0C1-330D-A4A5-D765E82638D7}.Debug|Win32.Build.0 = Debug|Win32
		{7A01D1BB-A0C1-330D-A4A5-D765E82638D7}.Release|Mixed Platforms.ActiveCfg = Release|Win32
		{7A01D1BB-A0C1-330D-A4A5-D765E82638D7}.Release|Mixed Platforms.Build.0 = Release|Win32
		{7A01D1BB-A0C1-330D-A4A5-D765E82638D7}.Release|Win32.ActiveCfg = Release|Win32
		{7A01D1BB-A0C1-330D-A4A5-D765E82638D7}.Release|Win32.Build.0 = Release|Win32
		{7913E51C-3275-304A-9F79-4617A7B7F7FB}.Debug|Mixed Platforms.ActiveCfg = Debug|Win32
		{7913E51C-3275-304A-9F79-4617A7B7F7FB}.Debug|Mixed Platforms.Build.0 = Debug|Win32
		{7913E51C-3275-304A-9F79-4617A7B7F7FB}.Debug|Win32.ActiveCfg = Debug|Win32
		{7913E51C-3275-304A-9F79-4617A7B7F7FB}.Debug|Win32.Build.0 = Debug|Win32
		{7913E51C-3275-304A-9F79-4617A7B7F7FB}.Release|Mixed Platforms.ActiveCfg = Release|Win32
		{7913E51C-3275-304A-9F79-4617A7B7F7FB}.Release|Mixed Platforms.Build.0 = Release|Win32
		{7913E51C-3275-304A-9F79-4617A7B7F7FB}.Release|Win32.ActiveCfg = Release|Win32
		{7913E51C-3275-304A-9F79-4617A7B7F7FB}.Release|Win32.Build.0 = Release|Win32
		{BEFF6654-2499-3F8C-8646-1D3E8173C05D}.Debug|Mixed Platforms.ActiveCfg = Debug|Win32
		{BEFF6654-2499-3F8C-8646-1D3E8173C05D}.Debug|Mixed Platforms.Build.0 = Debug|Win32
		{BEFF6654-2499-3F8C-8646-1D3E8173C05D}.Debug|Win32.ActiveCfg = Debug|Win32
		{BEFF6654-2499-3F8C-8646-1D3E8173C05D}.Debug|Win32.Build.0 = Debug|Win32
		{BEFF6654-2499-3F8C-8646-1D3E8173C05D}.Release|Mixed Platforms.ActiveCfg = Release|Win32
		{BEFF6654-2499-3F8C-8646-1D3E8173C05D}.Release|Mixed Platforms.Build.0 = Release|Win32
		{BEFF6654-2499-3F8C-8646-1D3E8173C05D}.Release|Win32.ActiveCfg = Release|Win32
		{BEFF6654-2499-3F8C-8646-1D3E8173C05D}.Release|Win32.Build.0 = Release|Win32
		{595CB95C-9595-3085-8EA6-6984ADE715EE}.Debug|Mixed Platforms.ActiveCfg = Debug|Win32
		{595CB95C-9595-3085-8EA6-6984ADE715EE}.Debug|Mixed Platforms.Build.0 = Debug|Win32
		{595CB95C-9595-3085-8EA6-6984ADE715EE}.Debug|Win32.ActiveCfg = Debug|Win32
		{595CB95C-9595-3085-8EA6-6984ADE715EE}.Debug|Win32.Build.0 = Debug|Win32
		{595CB95C-9595-3085-8EA6-6984ADE715EE}.Release|Mixed Platforms.ActiveCfg = Release|Win32
		{595CB95C-9595-3085-8EA6-6984ADE715EE}.Release|Mixed Platforms.Build.0 = Release|Win32
		{595CB95C-9595-3085-8EA6-6984ADE715EE}.Release|Win32.ActiveCfg = Release|Win32
		{595CB95C-9595-3085-8EA6-6984ADE715EE}.Release|Win32.Build.0 = Release|Win32
		{96B258A0-391E-4D4C-97F4-10A1D4FDF22B}.Debug|Mixed Platforms.ActiveCfg = Debug|x64
		{96B258A0-391E-4D4C-97F4-10A1D4FDF22B}.Debug|Mixed Platforms.Build.0 = Debug|x64
		{96B258A0-391E-4D4C-97F4-10A1D4FDF22B}.Debug|Win32.ActiveCfg = Debug|x64
		{96B258A0-391E-4D4C-97F4-10A1D4FDF22B}.Debug|Win32.Build.0 = Debug|x64
		{96B258A0-391E-4D4C-97F4-10A1D4FDF22B}.Release|Mixed Platforms.ActiveCfg = Release|x64
		{96B258A0-391E-4D4C-97F4-10A1D4FDF22B}.Release|Mixed Platforms.Build.0 = Release|x64
		{96B258A0-391E-4D4C-97F4-10A1D4FDF22B}.Release|Win32.ActiveCfg = Release|x64
		{96B258A0-391E-4D4C-97F4-10A1D4FDF22B}.Release|Win32.Build.0 = Release|x64
		{C84D433D-C3C8-48F6-A68B-83130CF4C1C7}.Debug|Mixed Platforms.ActiveCfg = Debug|Win32
		{C84D433D-C3C8-48F6-A68B-83130CF4C1C7}.Debug|Mixed Platforms.Build.0 = Debug|Win32
		{C84D433D-C3C8-48F6-A68B-83130CF4C1C7}.Debug|Win32.ActiveCfg = Debug|x64
		{C84D433D-C3C8-48F6-A68B-83130CF4C1C7}.Debug|Win32.Build.0 = Debug|x64
		{C84D433D-C3C8-48F6-A68B-83130CF4C1C7}.Release|Mixed Platforms.ActiveCfg = Release|Win32
		{C84D433D-C3C8-48F6-A68B-83130CF4C1C7}.Release|Mixed Platforms.Build.0 = Release|Win32
		{C84D433D-C3C8-48F6-A68B-83130CF4C1C7}.Release|Win32.ActiveCfg = Release|x64
		{C84D433D-C3C8-48F6-A68B-83130CF4C1C7}.Release|Win32.Build.0 = Release|x64
		{39CC3F13-E6B5-4FF0-9E58-A9DE5A01D656}.Debug|Mixed Platforms.ActiveCfg = Debug|Win32
		{39CC3F13-E6B5-4FF0-9E58-A9DE5A01D656}.Debug|Mixed Platforms.Build.0 = Debug|Win32
		{39CC3F13-E6B5-4FF0-9E58-A9DE5A01D656}.Debug|Win32.ActiveCfg = Debug|x64
		{39CC3F13-E6B5-4FF0-9E58-A9DE5A01D656}.Debug|Win32.Build.0 = Debug|x64
		{39CC3F13-E6B5-4FF0-9E58-A9DE5A01D656}.Release|Mixed Platforms.ActiveCfg = Release|Win32
		{39CC3F13-E6B5-4FF0-9E58-A9DE5A01D656}.Release|Mixed Platforms.Build.0 = Release|Win32
		{39CC3F13-E6B5-4FF0-9E58-A9DE5A01D656}.Release|Win32.ActiveCfg = Release|x64
		{39CC3F13-E6B5-4FF0-9E58-A9DE5A01D656}.Release|Win32.Build.0 = Release|x64
		{3195F1EF-8477-4C29-8796-58B3433514A5}.Debug|Mixed Platforms.ActiveCfg = Debug|Win32
		{3195F1EF-8477-4C29-8796-58B3433514A5}.Debug|Mixed Platforms.Build.0 = Debug|Win32
		{3195F1EF-8477-4C29-8796-58B3433514A5}.Debug|Win32.ActiveCfg = Debug|x64
		{3195F1EF-8477-4C29-8796-58B3433514A5}.Debug|Win32.Build.0 = Debug|x64
		{3195F1EF-8477-4C29-8796-58B3433514A5}.Release|Mixed Platforms.ActiveCfg = Release|Win32
		{3195F1EF-8477-4C29-8796-58B3433514A5}.Release|Mixed Platforms.Build.0 = Release|Win32
		{3195F1EF-8477-4C29-8796-58B3433514A5}.Release|Win32.ActiveCfg = Release|x64
		{3195F1EF-8477-4C29-8796-58B3433514A5}.Release|Win32.Build.0 = Release|x64
		{BEA0D508-6BDB-431F-90B4-23A2969AD848}.Debug|Mixed Platforms.ActiveCfg = Debug|Win32
		{BEA0D508-6BDB-431F-90B4-23A2969AD848}.Debug|Mixed Platforms.Build.0 = Debug|Win32
		{BEA0D508-6BDB-431F-90B4-23A2969AD848}.Debug|Win32.ActiveCfg = Debug|Win32
		{BEA0D508-6BDB-431F-90B4-23A2969AD848}.Debug|Win32.Build.0 = Debug|Win32
		{BEA0D508-6BDB-431F-90B4-23A2969AD848}.Release|Mixed Platforms.ActiveCfg = Release|Win32
		{BEA0D508-6BDB-431F-90B4-23A2969AD848}.Release|Mixed Platforms.Build.0 = Release|Win32
		{BEA0D508-6BDB-431F-90B4-23A2969AD848}.Release|Win32.ActiveCfg = Release|Win32
		{BEA0D508-6BDB-431F-90B4-23A2969AD848}.Release|Win32.Build.0 = Release|Win32
		{B962AB07-EC01-4402-82BE-47C8244C72CB}.Debug|Mixed Platforms.ActiveCfg = Debug|x64
		{B962AB07-EC01-4402-82BE-47C8244C72CB}.Debug|Mixed Platforms.Build.0 = Debug|x64
		{B962AB07-EC01-4402-82BE-47C8244C72CB}.Debug|Win32.ActiveCfg = Debug|x64
		{B962AB07-EC01-4402-82BE-47C8244C72CB}.Debug|Win32.Build.0 = Debug|x64
		{B962AB07-EC01-4402-82BE-47C8244C72CB}.Release|Mixed Platforms.ActiveCfg = Release|x64
		{B962AB07-EC01-4402-82BE-47C8244C72CB}.Release|Mixed Platforms.Build.0 = Release|x64
		{B962AB07-EC01-4402-82BE-47C8244C72CB}.Release|Win32.ActiveCfg = Release|x64
		{B962AB07-EC01-4402-82BE-47C8244C72CB}.Release|Win32.Build.0 = Release|x64
	EndGlobalSection
	GlobalSection(SolutionProperties) = preSolution
		HideSolutionNode = FALSE
	EndGlobalSection
	GlobalSection(NestedProjects) = preSolution
		{0FCD8437-BE25-351A-9F27-361A43DF55F3} = {00E9D24F-6672-4C85-B9AA-9615BC0BB4E6}
		{2E77904B-BCEF-3648-9EDD-D9CB1E0D9E37} = {15CB9324-2C76-446A-B4EA-1DF6299036BC}
		{B5810ED8-6B78-372C-8219-E69F2930D198} = {00E9D24F-6672-4C85-B9AA-9615BC0BB4E6}
		{41152D95-C2A4-3E39-A77C-4F85567A5E59} = {00E9D24F-6672-4C85-B9AA-9615BC0BB4E6}
		{78B079BD-9FC7-4B9E-B4A6-96DA0F00248B} = {00E9D24F-6672-4C85-B9AA-9615BC0BB4E6}
		{C48C27FD-D45C-369A-99B3-9EC9AB0EFCEA} = {00E9D24F-6672-4C85-B9AA-9615BC0BB4E6}
		{80AA0E75-073C-3786-9B5B-7C53C2541BE5} = {00E9D24F-6672-4C85-B9AA-9615BC0BB4E6}
		{DB4C1A50-D771-3EEE-88E2-756B4FCBDD03} = {00E9D24F-6672-4C85-B9AA-9615BC0BB4E6}
		{4F1DBA7C-F890-4789-2BE9-1621AF1FF1EC} = {00E9D24F-6672-4C85-B9AA-9615BC0BB4E6}
		{A5C4ED53-A27B-3CE5-8C62-2E8D225B0D75} = {3DE2C515-D74D-4C7E-A4ED-40EA62D0C440}
		{72F1C1D8-F7C2-3BD2-966F-45C2FDC897F7} = {3DE2C515-D74D-4C7E-A4ED-40EA62D0C440}
		{59B0205C-EFAF-3AF1-BD0A-A6891646B908} = {2E33DD6F-0973-4CA9-86AB-CE235C507A35}
		{039236D2-8516-34EA-819B-972695F8C9D3} = {3DE2C515-D74D-4C7E-A4ED-40EA62D0C440}
		{9D8D78B5-1F33-3995-AD4E-6D911EB9AB60} = {3DE2C515-D74D-4C7E-A4ED-40EA62D0C440}
		{568D1F28-9B5C-37CF-AAA0-B54D574AFA4A} = {3DE2C515-D74D-4C7E-A4ED-40EA62D0C440}
		{C99ED868-C44E-3CA6-8E36-93F475DF9E00} = {3DE2C515-D74D-4C7E-A4ED-40EA62D0C440}
		{FC9EA94D-A93B-35A6-96CA-DF6374AE72D8} = {3DE2C515-D74D-4C7E-A4ED-40EA62D0C440}
		{51456AC5-B968-35FD-89EE-C7F970172D0F} = {0A9E67E3-42D9-4933-BFB7-629CE2C35A77}
		{BFA025BF-6AEC-3C2C-82AD-0019FF99AD00} = {3DE2C515-D74D-4C7E-A4ED-40EA62D0C440}
		{E509B7E5-97EA-3B7F-8884-47A3FB7C9828} = {3DE2C515-D74D-4C7E-A4ED-40EA62D0C440}
		{7AA1811D-4E96-3009-8D25-B6BABCDDAB9E} = {3DE2C515-D74D-4C7E-A4ED-40EA62D0C440}
		{33D3DF3E-5132-34ED-81E9-6E5B5DC6114C} = {15CB9324-2C76-446A-B4EA-1DF6299036BC}
		{022A1760-5391-3DA9-8708-0CDE0BA8771E} = {15CB9324-2C76-446A-B4EA-1DF6299036BC}
		{2E33DD6F-0973-4CA9-86AB-CE235C507A35} = {3DE2C515-D74D-4C7E-A4ED-40EA62D0C440}
		{7451CD86-ADB7-3AC0-B19C-4BC1F6EAB04E} = {2E33DD6F-0973-4CA9-86AB-CE235C507A35}
		{0A9E67E3-42D9-4933-BFB7-629CE2C35A77} = {3DE2C515-D74D-4C7E-A4ED-40EA62D0C440}
		{7A01D1BB-A0C1-330D-A4A5-D765E82638D7} = {0A9E67E3-42D9-4933-BFB7-629CE2C35A77}
		{7913E51C-3275-304A-9F79-4617A7B7F7FB} = {0A9E67E3-42D9-4933-BFB7-629CE2C35A77}
		{BEFF6654-2499-3F8C-8646-1D3E8173C05D} = {0A9E67E3-42D9-4933-BFB7-629CE2C35A77}
		{595CB95C-9595-3085-8EA6-6984ADE715EE} = {3DE2C515-D74D-4C7E-A4ED-40EA62D0C440}
		{96B258A0-391E-4D4C-97F4-10A1D4FDF22B} = {0A9E67E3-42D9-4933-BFB7-629CE2C35A77}
		{C84D433D-C3C8-48F6-A68B-83130CF4C1C7} = {0A9E67E3-42D9-4933-BFB7-629CE2C35A77}
		{39CC3F13-E6B5-4FF0-9E58-A9DE5A01D656} = {0A9E67E3-42D9-4933-BFB7-629CE2C35A77}
		{3195F1EF-8477-4C29-8796-58B3433514A5} = {00E9D24F-6672-4C85-B9AA-9615BC0BB4E6}
		{BEA0D508-6BDB-431F-90B4-23A2969AD848} = {0A9E67E3-42D9-4933-BFB7-629CE2C35A77}
		{B962AB07-EC01-4402-82BE-47C8244C72CB} = {0A9E67E3-42D9-4933-BFB7-629CE2C35A77}
	EndGlobalSection
	GlobalSection(ExtensibilityGlobals) = postSolution
		Qt5Version = $(DefaultQtVersion)
	EndGlobalSection
EndGlobal
