Microsoft Visual Studio Solution File, Format Version 12.00
# Visual Studio 2013

Project("{8BC9CEB8-8B4A-11D0-8D11-00A0C91BC942}") = "inject-helper", "inject-helper.vcxproj", "{BEFF6654-2499-3F8C-8646-1D3E8173C05D}"
	ProjectSection(ProjectDependencies) = postProject
		{F197EBB4-920E-3927-9C85-19D67245B611} = {F197EBB4-920E-3927-9C85-19D67245B611}
	EndProjectSection
EndProject
Global
	GlobalSection(SolutionConfigurationPlatforms) = preSolution
		Debug|Win32 = Debug|Win32
		Release|Win32 = Release|Win32
	EndGlobalSection
	GlobalSection(ExtensibilityGlobals) = postSolution
	EndGlobalSection
	GlobalSection(ExtensibilityAddIns) = postSolution
	EndGlobalSection
EndGlobal
