<?xml version="1.0" encoding="utf-8"?>
<Project ToolsVersion="12.0" xmlns="http://schemas.microsoft.com/developer/msbuild/2003">
  <ItemGroup>
    <ClCompile Include="callback\calldata.c">
      <Filter>callback\Source Files</Filter>
    </ClCompile>
    <ClCompile Include="callback\decl.c">
      <Filter>callback\Source Files</Filter>
    </ClCompile>
    <ClCompile Include="callback\signal.c">
      <Filter>callback\Source Files</Filter>
    </ClCompile>
    <ClCompile Include="callback\proc.c">
      <Filter>callback\Source Files</Filter>
    </ClCompile>
    <ClCompile Include="graphics\graphics-ffmpeg.c">
      <Filter>graphics\Source Files</Filter>
    </ClCompile>
    <ClCompile Include="graphics\quat.c">
      <Filter>graphics\Source Files</Filter>
    </ClCompile>
    <ClCompile Include="graphics\effect-parser.c">
      <Filter>graphics\Source Files</Filter>
    </ClCompile>
    <ClCompile Include="graphics\axisang.c">
      <Filter>graphics\Source Files</Filter>
    </ClCompile>
    <ClCompile Include="graphics\vec4.c">
      <Filter>graphics\Source Files</Filter>
    </ClCompile>
    <ClCompile Include="graphics\vec2.c">
      <Filter>graphics\Source Files</Filter>
    </ClCompile>
    <ClCompile Include="graphics\texture-render.c">
      <Filter>graphics\Source Files</Filter>
    </ClCompile>
    <ClCompile Include="graphics\bounds.c">
      <Filter>graphics\Source Files</Filter>
    </ClCompile>
    <ClCompile Include="graphics\matrix3.c">
      <Filter>graphics\Source Files</Filter>
    </ClCompile>
    <ClCompile Include="graphics\matrix4.c">
      <Filter>graphics\Source Files</Filter>
    </ClCompile>
    <ClCompile Include="graphics\vec3.c">
      <Filter>graphics\Source Files</Filter>
    </ClCompile>
    <ClCompile Include="graphics\graphics.c">
      <Filter>graphics\Source Files</Filter>
    </ClCompile>
    <ClCompile Include="graphics\shader-parser.c">
      <Filter>graphics\Source Files</Filter>
    </ClCompile>
    <ClCompile Include="graphics\plane.c">
      <Filter>graphics\Source Files</Filter>
    </ClCompile>
    <ClCompile Include="graphics\effect.c">
      <Filter>graphics\Source Files</Filter>
    </ClCompile>
    <ClCompile Include="graphics\math-extra.c">
      <Filter>graphics\Source Files</Filter>
    </ClCompile>
    <ClCompile Include="graphics\graphics-imports.c">
      <Filter>graphics\Source Files</Filter>
    </ClCompile>
    <ClCompile Include="media-io\video-io.c">
      <Filter>media-io\Source Files</Filter>
    </ClCompile>
    <ClCompile Include="media-io\video-fourcc.c">
      <Filter>media-io\Source Files</Filter>
    </ClCompile>
    <ClCompile Include="media-io\video-matrices.c">
      <Filter>media-io\Source Files</Filter>
    </ClCompile>
    <ClCompile Include="media-io\audio-io.c">
      <Filter>media-io\Source Files</Filter>
    </ClCompile>
    <ClCompile Include="media-io\video-frame.c">
      <Filter>media-io\Source Files</Filter>
    </ClCompile>
    <ClCompile Include="media-io\format-conversion.c">
      <Filter>media-io\Source Files</Filter>
    </ClCompile>
    <ClCompile Include="media-io\audio-resampler-ffmpeg.c">
      <Filter>media-io\Source Files</Filter>
    </ClCompile>
    <ClCompile Include="media-io\video-scaler-ffmpeg.c">
      <Filter>media-io\Source Files</Filter>
    </ClCompile>
    <ClCompile Include="media-io\media-remux.c">
      <Filter>media-io\Source Files</Filter>
    </ClCompile>
    <ClCompile Include="util\array-serializer.c">
      <Filter>util\Source Files</Filter>
    </ClCompile>
    <ClCompile Include="util\base.c">
      <Filter>util\Source Files</Filter>
    </ClCompile>
    <ClCompile Include="util\platform.c">
      <Filter>util\Source Files</Filter>
    </ClCompile>
    <ClCompile Include="util\cf-lexer.c">
      <Filter>util\Source Files</Filter>
    </ClCompile>
    <ClCompile Include="util\bmem.c">
      <Filter>util\Source Files</Filter>
    </ClCompile>
    <ClCompile Include="util\config-file.c">
      <Filter>util\Source Files</Filter>
    </ClCompile>
    <ClCompile Include="util\lexer.c">
      <Filter>util\Source Files</Filter>
    </ClCompile>
    <ClCompile Include="util\dstr.c">
      <Filter>util\Source Files</Filter>
    </ClCompile>
    <ClCompile Include="util\utf8.c">
      <Filter>util\Source Files</Filter>
    </ClCompile>
    <ClCompile Include="util\text-lookup.c">
      <Filter>util\Source Files</Filter>
    </ClCompile>
    <ClCompile Include="util\cf-parser.c">
      <Filter>util\Source Files</Filter>
    </ClCompile>
    <ClCompile Include="util\profiler.c">
      <Filter>util\Source Files</Filter>
    </ClCompile>
    <ClCompile Include="obs-win-crash-handler.c">
      <Filter>libobs\Source Files</Filter>
    </ClCompile>
    <ClCompile Include="obs-windows.c">
      <Filter>libobs\Source Files</Filter>
    </ClCompile>
    <ClCompile Include="util\threading-windows.c">
      <Filter>libobs\Source Files</Filter>
    </ClCompile>
    <ClCompile Include="util\pipe-windows.c">
      <Filter>libobs\Source Files</Filter>
    </ClCompile>
    <ClCompile Include="util\platform-windows.c">
      <Filter>libobs\Source Files</Filter>
    </ClCompile>
    <ClCompile Include="obs-audio-controls.c">
      <Filter>libobs\Source Files</Filter>
    </ClCompile>
    <ClCompile Include="obs-avc.c">
      <Filter>libobs\Source Files</Filter>
    </ClCompile>
    <ClCompile Include="obs-encoder.c">
      <Filter>libobs\Source Files</Filter>
    </ClCompile>
    <ClCompile Include="obs-service.c">
      <Filter>libobs\Source Files</Filter>
    </ClCompile>
    <ClCompile Include="obs-source.c">
      <Filter>libobs\Source Files</Filter>
    </ClCompile>
    <ClCompile Include="obs-output.c">
      <Filter>libobs\Source Files</Filter>
    </ClCompile>
    <ClCompile Include="obs-output-delay.c">
      <Filter>libobs\Source Files</Filter>
    </ClCompile>
    <ClCompile Include="obs.c">
      <Filter>libobs\Source Files</Filter>
    </ClCompile>
    <ClCompile Include="obs-properties.c">
      <Filter>libobs\Source Files</Filter>
    </ClCompile>
    <ClCompile Include="obs-data.c">
      <Filter>libobs\Source Files</Filter>
    </ClCompile>
    <ClCompile Include="obs-hotkey.c">
      <Filter>libobs\Source Files</Filter>
    </ClCompile>
    <ClCompile Include="obs-hotkey-name-map.c">
      <Filter>libobs\Source Files</Filter>
    </ClCompile>
    <ClCompile Include="obs-module.c">
      <Filter>libobs\Source Files</Filter>
    </ClCompile>
    <ClCompile Include="obs-display.c">
      <Filter>libobs\Source Files</Filter>
    </ClCompile>
    <ClCompile Include="obs-view.c">
      <Filter>libobs\Source Files</Filter>
    </ClCompile>
    <ClCompile Include="obs-scene.c">
      <Filter>libobs\Source Files</Filter>
    </ClCompile>
    <ClCompile Include="obs-video.c">
      <Filter>libobs\Source Files</Filter>
    </ClCompile>
    <ClCompile Include="graphics\libnsgif\libnsgif.c">
      <Filter>graphics\Source Files\libnsgif</Filter>
    </ClCompile>
    <ClCompile Include="graphics\image-file.c">
      <Filter>graphics\Source Files</Filter>
    </ClCompile>
  </ItemGroup>
  <ItemGroup>
    <ClInclude Include="obs-config.h">
      <Filter>Header Files</Filter>
    </ClInclude>
    <ClInclude Include="callback\calldata.h">
      <Filter>callback\Header Files</Filter>
    </ClInclude>
    <ClInclude Include="callback\decl.h">
      <Filter>callback\Header Files</Filter>
    </ClInclude>
    <ClInclude Include="callback\proc.h">
      <Filter>callback\Header Files</Filter>
    </ClInclude>
    <ClInclude Include="callback\signal.h">
      <Filter>callback\Header Files</Filter>
    </ClInclude>
    <ClInclude Include="graphics\plane.h">
      <Filter>graphics\Header Files</Filter>
    </ClInclude>
    <ClInclude Include="graphics\quat.h">
      <Filter>graphics\Header Files</Filter>
    </ClInclude>
    <ClInclude Include="graphics\input.h">
      <Filter>graphics\Header Files</Filter>
    </ClInclude>
    <ClInclude Include="graphics\axisang.h">
      <Filter>graphics\Header Files</Filter>
    </ClInclude>
    <ClInclude Include="graphics\shader-parser.h">
      <Filter>graphics\Header Files</Filter>
    </ClInclude>
    <ClInclude Include="graphics\effect.h">
      <Filter>graphics\Header Files</Filter>
    </ClInclude>
    <ClInclude Include="graphics\math-defs.h">
      <Filter>graphics\Header Files</Filter>
    </ClInclude>
    <ClInclude Include="graphics\matrix4.h">
      <Filter>graphics\Header Files</Filter>
    </ClInclude>
    <ClInclude Include="graphics\graphics.h">
      <Filter>graphics\Header Files</Filter>
    </ClInclude>
    <ClInclude Include="graphics\graphics-internal.h">
      <Filter>graphics\Header Files</Filter>
    </ClInclude>
    <ClInclude Include="graphics\device-exports.h">
      <Filter>graphics\Header Files</Filter>
    </ClInclude>
    <ClInclude Include="graphics\vec2.h">
      <Filter>graphics\Header Files</Filter>
    </ClInclude>
    <ClInclude Include="graphics\vec4.h">
      <Filter>graphics\Header Files</Filter>
    </ClInclude>
    <ClInclude Include="graphics\matrix3.h">
      <Filter>graphics\Header Files</Filter>
    </ClInclude>
    <ClInclude Include="graphics\vec3.h">
      <Filter>graphics\Header Files</Filter>
    </ClInclude>
    <ClInclude Include="graphics\math-extra.h">
      <Filter>graphics\Header Files</Filter>
    </ClInclude>
    <ClInclude Include="graphics\bounds.h">
      <Filter>graphics\Header Files</Filter>
    </ClInclude>
    <ClInclude Include="graphics\effect-parser.h">
      <Filter>graphics\Header Files</Filter>
    </ClInclude>
    <ClInclude Include="media-io\media-io-defs.h">
      <Filter>media-io\Header Files</Filter>
    </ClInclude>
    <ClInclude Include="media-io\video-io.h">
      <Filter>media-io\Header Files</Filter>
    </ClInclude>
    <ClInclude Include="media-io\audio-io.h">
      <Filter>media-io\Header Files</Filter>
    </ClInclude>
    <ClInclude Include="media-io\audio-math.h">
      <Filter>media-io\Header Files</Filter>
    </ClInclude>
    <ClInclude Include="media-io\video-frame.h">
      <Filter>media-io\Header Files</Filter>
    </ClInclude>
    <ClInclude Include="media-io\format-conversion.h">
      <Filter>media-io\Header Files</Filter>
    </ClInclude>
    <ClInclude Include="media-io\audio-resampler.h">
      <Filter>media-io\Header Files</Filter>
    </ClInclude>
    <ClInclude Include="media-io\video-scaler.h">
      <Filter>media-io\Header Files</Filter>
    </ClInclude>
    <ClInclude Include="media-io\media-remux.h">
      <Filter>media-io\Header Files</Filter>
    </ClInclude>
    <ClInclude Include="util\array-serializer.h">
      <Filter>util\Header Files</Filter>
    </ClInclude>
    <ClInclude Include="util\utf8.h">
      <Filter>util\Header Files</Filter>
    </ClInclude>
    <ClInclude Include="util\base.h">
      <Filter>util\Header Files</Filter>
    </ClInclude>
    <ClInclude Include="util\text-lookup.h">
      <Filter>util\Header Files</Filter>
    </ClInclude>
    <ClInclude Include="util\vc\vc_inttypes.h">
      <Filter>util\Header Files</Filter>
    </ClInclude>
    <ClInclude Include="util\vc\vc_stdbool.h">
      <Filter>util\Header Files</Filter>
    </ClInclude>
    <ClInclude Include="util\vc\vc_stdint.h">
      <Filter>util\Header Files</Filter>
    </ClInclude>
    <ClInclude Include="util\bmem.h">
      <Filter>util\Header Files</Filter>
    </ClInclude>
    <ClInclude Include="util\c99defs.h">
      <Filter>util\Header Files</Filter>
    </ClInclude>
    <ClInclude Include="util\cf-parser.h">
      <Filter>util\Header Files</Filter>
    </ClInclude>
    <ClInclude Include="util\threading.h">
      <Filter>util\Header Files</Filter>
    </ClInclude>
    <ClInclude Include="util\pipe.h">
      <Filter>util\Header Files</Filter>
    </ClInclude>
    <ClInclude Include="util\cf-lexer.h">
      <Filter>util\Header Files</Filter>
    </ClInclude>
    <ClInclude Include="util\darray.h">
      <Filter>util\Header Files</Filter>
    </ClInclude>
    <ClInclude Include="util\circlebuf.h">
      <Filter>util\Header Files</Filter>
    </ClInclude>
    <ClInclude Include="util\dstr.h">
      <Filter>util\Header Files</Filter>
    </ClInclude>
    <ClInclude Include="util\serializer.h">
      <Filter>util\Header Files</Filter>
    </ClInclude>
    <ClInclude Include="util\config-file.h">
      <Filter>util\Header Files</Filter>
    </ClInclude>
    <ClInclude Include="util\lexer.h">
      <Filter>util\Header Files</Filter>
    </ClInclude>
    <ClInclude Include="util\platform.h">
      <Filter>util\Header Files</Filter>
    </ClInclude>
    <ClInclude Include="util\profiler.h">
      <Filter>util\Header Files</Filter>
    </ClInclude>
    <ClInclude Include="util\profiler.hpp">
      <Filter>util\Header Files</Filter>
    </ClInclude>
    <ClInclude Include="obs-audio-controls.h">
      <Filter>libobs\Header Files</Filter>
    </ClInclude>
    <ClInclude Include="obs-defs.h">
      <Filter>libobs\Header Files</Filter>
    </ClInclude>
    <ClInclude Include="obs-avc.h">
      <Filter>libobs\Header Files</Filter>
    </ClInclude>
    <ClInclude Include="obs-encoder.h">
      <Filter>libobs\Header Files</Filter>
    </ClInclude>
    <ClInclude Include="obs-service.h">
      <Filter>libobs\Header Files</Filter>
    </ClInclude>
    <ClInclude Include="obs-internal.h">
      <Filter>libobs\Header Files</Filter>
    </ClInclude>
    <ClInclude Include="obs.h">
      <Filter>libobs\Header Files</Filter>
    </ClInclude>
    <ClInclude Include="obs-ui.h">
      <Filter>libobs\Header Files</Filter>
    </ClInclude>
    <ClInclude Include="obs-properties.h">
      <Filter>libobs\Header Files</Filter>
    </ClInclude>
    <ClInclude Include="obs-data.h">
      <Filter>libobs\Header Files</Filter>
    </ClInclude>
    <ClInclude Include="obs-interaction.h">
      <Filter>libobs\Header Files</Filter>
    </ClInclude>
    <ClInclude Include="obs-hotkey.h">
      <Filter>libobs\Header Files</Filter>
    </ClInclude>
    <ClInclude Include="obs-hotkeys.h">
      <Filter>libobs\Header Files</Filter>
    </ClInclude>
    <ClInclude Include="obs-module.h">
      <Filter>libobs\Header Files</Filter>
    </ClInclude>
    <ClInclude Include="obs-scene.h">
      <Filter>libobs\Header Files</Filter>
    </ClInclude>
    <ClInclude Include="obs-source.h">
      <Filter>libobs\Header Files</Filter>
    </ClInclude>
    <ClInclude Include="obs-output.h">
      <Filter>libobs\Header Files</Filter>
    </ClInclude>
    <ClInclude Include="obs-ffmpeg-compat.h">
      <Filter>libobs\Header Files</Filter>
    </ClInclude>
    <ClInclude Include="obs.hpp">
      <Filter>libobs\Header Files</Filter>
    </ClInclude>
    <ClInclude Include="..\build\buildcfg\obsconfig.h">
      <Filter>Header Files</Filter>
    </ClInclude>
    <ClInclude Include="graphics\image-file.h">
      <Filter>graphics\Header Files</Filter>
    </ClInclude>
    <ClInclude Include="graphics\libnsgif\libnsgif.h">
      <Filter>graphics\Header Files\libnsgif</Filter>
    </ClInclude>
  </ItemGroup>
  <ItemGroup>
    <Filter Include="Header Files">
      <UniqueIdentifier>{E1829D86-5EEB-3583-84F5-8C8FD8A94D34}</UniqueIdentifier>
    </Filter>
    <Filter Include="callback">
      <UniqueIdentifier>{E4445AAA-01B6-3742-A8EA-93AD5A780404}</UniqueIdentifier>
    </Filter>
    <Filter Include="graphics">
      <UniqueIdentifier>{40F51464-0D32-3DC8-827D-B7DD2494D07D}</UniqueIdentifier>
    </Filter>
    <Filter Include="libobs">
      <UniqueIdentifier>{926BF378-E6FF-3D6C-B5E1-3135C9457B64}</UniqueIdentifier>
    </Filter>
    <Filter Include="media-io">
      <UniqueIdentifier>{B761F698-A7F7-3106-96BD-D41F11DE0F04}</UniqueIdentifier>
    </Filter>
    <Filter Include="util">
      <UniqueIdentifier>{7B0F3C1E-4813-39AB-88FE-50A5DC291CF1}</UniqueIdentifier>
    </Filter>
    <Filter Include="libobs\Source Files">
      <UniqueIdentifier>{EC0397BE-9965-3E85-B137-D67D5FD29FAD}</UniqueIdentifier>
    </Filter>
    <Filter Include="libobs\Header Files">
      <UniqueIdentifier>{183E376E-8E2E-3BB1-8BE4-97F38952F613}</UniqueIdentifier>
    </Filter>
    <Filter Include="media-io\Source Files">
      <UniqueIdentifier>{0EA74EFF-5EC0-3B9D-B705-940983FEE436}</UniqueIdentifier>
    </Filter>
    <Filter Include="media-io\Header Files">
      <UniqueIdentifier>{A94ADB8B-82F9-30A1-A518-742FB74F8EEB}</UniqueIdentifier>
    </Filter>
    <Filter Include="util\Source Files">
      <UniqueIdentifier>{5D5CBE3B-D932-37BB-98E2-63B30EE159A8}</UniqueIdentifier>
    </Filter>
    <Filter Include="util\Header Files">
      <UniqueIdentifier>{B7C04129-9095-3D07-B7BF-3F5755022779}</UniqueIdentifier>
    </Filter>
    <Filter Include="graphics\Source Files">
      <UniqueIdentifier>{9AD4674F-E912-3940-BDA2-5A4401E9FE21}</UniqueIdentifier>
    </Filter>
    <Filter Include="graphics\Header Files">
      <UniqueIdentifier>{109E012C-C4BB-3889-9296-F659E7443352}</UniqueIdentifier>
    </Filter>
    <Filter Include="callback\Source Files">
      <UniqueIdentifier>{3DB2DB60-6140-315C-A7A8-BAF14B32F371}</UniqueIdentifier>
    </Filter>
    <Filter Include="callback\Header Files">
      <UniqueIdentifier>{39BC4BED-2672-32A9-9F07-8688F97C27CA}</UniqueIdentifier>
    </Filter>
    <Filter Include="graphics\Source Files\libnsgif">
      <UniqueIdentifier>{a1ca68c9-ff18-4c0e-a422-d69e472d84a7}</UniqueIdentifier>
    </Filter>
    <Filter Include="graphics\Header Files\libnsgif">
      <UniqueIdentifier>{395890fc-3484-430e-8ec6-bb706e81a876}</UniqueIdentifier>
    </Filter>
  </ItemGroup>
  <ItemGroup>
    <ResourceCompile Include="..\build\buildcfg\versionno.rc" />
  </ItemGroup>
</Project>